// !$*UTF8*$!
{
	archiveVersion = 1;
	classes = {
	};
	objectVersion = 46;
	objects = {

/* Begin PBXBuildFile section */
		28027BBF1713110B008981A5 /* FixtureSqlLiteRepository.m in Sources */ = {isa = PBXBuildFile; fileRef = 28027BBE1713110B008981A5 /* FixtureSqlLiteRepository.m */; };
		28098906171C3EF9005FA103 /* CoreData.framework in Frameworks */ = {isa = PBXBuildFile; fileRef = 288BDE32147FB70C00002F9A /* CoreData.framework */; };
		28098907171C3F0F005FA103 /* CoreGraphics.framework in Frameworks */ = {isa = PBXBuildFile; fileRef = 288BDE30147FB70C00002F9A /* CoreGraphics.framework */; };
		28098908171C3F54005FA103 /* FootyStatsTests.h in Resources */ = {isa = PBXBuildFile; fileRef = 287D476C171CB34E00C85DAC /* FootyStatsTests.h */; };
		280B9A4216A4BAB000F066DE /* ListClubsTableViewConroller.m in Sources */ = {isa = PBXBuildFile; fileRef = 280B9A4116A4BAB000F066DE /* ListClubsTableViewConroller.m */; };
		28141FF91678ABEB00EBF46C /* CTeamParticipant.m in Sources */ = {isa = PBXBuildFile; fileRef = 28141FF81678ABEB00EBF46C /* CTeamParticipant.m */; };
		2828EB2F16EFD02A00CC1194 /* StatsAppIcon4_72x72.png in Resources */ = {isa = PBXBuildFile; fileRef = 2828EB2E16EFD02900CC1194 /* StatsAppIcon4_72x72.png */; };
		2828EB3316F20F3700CC1194 /* EditFixtureViewController.m in Sources */ = {isa = PBXBuildFile; fileRef = 2828EB3116F20F3400CC1194 /* EditFixtureViewController.m */; };
		2828EB3416F20F3700CC1194 /* EditFixtureViewController.xib in Resources */ = {isa = PBXBuildFile; fileRef = 2828EB3216F20F3500CC1194 /* EditFixtureViewController.xib */; };
		2828EB3716F5EBFD00CC1194 /* ClubSqlLiteRepository.m in Sources */ = {isa = PBXBuildFile; fileRef = 2828EB3616F5EBFD00CC1194 /* ClubSqlLiteRepository.m */; };
		283F32B91685D93D006F4610 /* StatsAppMac.sqlite in Resources */ = {isa = PBXBuildFile; fileRef = 283F32B81685D93D006F4610 /* StatsAppMac.sqlite */; };
		283F32BD16A4B480006F4610 /* AdminPlayersViewController.m in Sources */ = {isa = PBXBuildFile; fileRef = 283F32BB16A4B47D006F4610 /* AdminPlayersViewController.m */; };
		283F32BE16A4B480006F4610 /* AdminPlayersViewController.xib in Resources */ = {isa = PBXBuildFile; fileRef = 283F32BC16A4B47E006F4610 /* AdminPlayersViewController.xib */; };
		287992E2171C1526000DB16B /* StatsAppMacTests.m in Sources */ = {isa = PBXBuildFile; fileRef = 288BDE66147FB70D00002F9A /* StatsAppMacTests.m */; };
		287992E3171C153D000DB16B /* StatsAppMacTests.h in Resources */ = {isa = PBXBuildFile; fileRef = 288BDE64147FB70D00002F9A /* StatsAppMacTests.h */; };
		287BC901167D7F550025E997 /* CParticipant.m in Sources */ = {isa = PBXBuildFile; fileRef = 287BC900167D7F550025E997 /* CParticipant.m */; };
		287BC905167E72600025E997 /* Round.m in Sources */ = {isa = PBXBuildFile; fileRef = 287BC904167E725F0025E997 /* Round.m */; };
		287BC91F1681CCFE0025E997 /* TeamParticipant.m in Sources */ = {isa = PBXBuildFile; fileRef = 287BC91E1681CCFD0025E997 /* TeamParticipant.m */; };
		287BC9221681CD4D0025E997 /* User.m in Sources */ = {isa = PBXBuildFile; fileRef = 287BC9211681CD4B0025E997 /* User.m */; };
		287CBB121641D26D00A3606A /* CClub.m in Sources */ = {isa = PBXBuildFile; fileRef = 287CBB111641D26D00A3606A /* CClub.m */; };
		287D0860160B11A100328B65 /* League.m in Sources */ = {isa = PBXBuildFile; fileRef = 287D085F160B11A100328B65 /* League.m */; };
		287D0869160B11A200328B65 /* Participant.m in Sources */ = {isa = PBXBuildFile; fileRef = 287D0868160B11A200328B65 /* Participant.m */; };
		287D086F160B11A200328B65 /* Club.m in Sources */ = {isa = PBXBuildFile; fileRef = 287D086E160B11A200328B65 /* Club.m */; };
		287D0872160B11A200328B65 /* Season.m in Sources */ = {isa = PBXBuildFile; fileRef = 287D0871160B11A200328B65 /* Season.m */; };
		287D0875160B11A200328B65 /* PlayerParticipant.m in Sources */ = {isa = PBXBuildFile; fileRef = 287D0874160B11A200328B65 /* PlayerParticipant.m */; };
		287D0878160B11A200328B65 /* Division.m in Sources */ = {isa = PBXBuildFile; fileRef = 287D0877160B11A200328B65 /* Division.m */; };
		287D087B160B11A300328B65 /* Match.m in Sources */ = {isa = PBXBuildFile; fileRef = 287D087A160B11A300328B65 /* Match.m */; };
		287D087E160B11A300328B65 /* ParticipantStatistics.m in Sources */ = {isa = PBXBuildFile; fileRef = 287D087D160B11A300328B65 /* ParticipantStatistics.m */; };
		287D0881160B11A300328B65 /* PlayerClub.m in Sources */ = {isa = PBXBuildFile; fileRef = 287D0880160B11A300328B65 /* PlayerClub.m */; };
		287D088A160B11A300328B65 /* FootyPlayerStatistics.m in Sources */ = {isa = PBXBuildFile; fileRef = 287D0889160B11A300328B65 /* FootyPlayerStatistics.m */; };
		287D4763171CB34E00C85DAC /* SenTestingKit.framework in Frameworks */ = {isa = PBXBuildFile; fileRef = 287D4762171CB34E00C85DAC /* SenTestingKit.framework */; };
		287D4764171CB34E00C85DAC /* UIKit.framework in Frameworks */ = {isa = PBXBuildFile; fileRef = 288BDE2C147FB70C00002F9A /* UIKit.framework */; };
		287D4765171CB34E00C85DAC /* Foundation.framework in Frameworks */ = {isa = PBXBuildFile; fileRef = 288BDE2E147FB70C00002F9A /* Foundation.framework */; };
		287D476B171CB34E00C85DAC /* InfoPlist.strings in Resources */ = {isa = PBXBuildFile; fileRef = 287D4769171CB34E00C85DAC /* InfoPlist.strings */; };
		287D476E171CB34E00C85DAC /* FootyStatsTests.m in Sources */ = {isa = PBXBuildFile; fileRef = 287D476D171CB34E00C85DAC /* FootyStatsTests.m */; };
		287D5F12164FC95B00A7573F /* InitalData.sql in Resources */ = {isa = PBXBuildFile; fileRef = 287D5F11164FC95B00A7573F /* InitalData.sql */; };
		287DF7F815FFDC5700D4F82B /* QuartzCore.framework in Frameworks */ = {isa = PBXBuildFile; fileRef = 287DF7F715FFDC5700D4F82B /* QuartzCore.framework */; };
		287E490C15FF64F800A830D1 /* MultiColumnTableCell.m in Sources */ = {isa = PBXBuildFile; fileRef = 287E490B15FF64F800A830D1 /* MultiColumnTableCell.m */; };
		287EA8CB160B500E00D46241 /* Sport.m in Sources */ = {isa = PBXBuildFile; fileRef = 287EA8CA160B500D00D46241 /* Sport.m */; };
		287ED209164AE14C00048D18 /* QuartzCore.framework in Frameworks */ = {isa = PBXBuildFile; fileRef = 287ED208164AE14C00048D18 /* QuartzCore.framework */; };
		287ED210164AE14C00048D18 /* SqlLiteRepository.m in Sources */ = {isa = PBXBuildFile; fileRef = 287ED20F164AE14C00048D18 /* SqlLiteRepository.m */; };
		287F28BA166D4A030008A9D3 /* MultiColumnHeader.m in Sources */ = {isa = PBXBuildFile; fileRef = 287F28B9166D4A020008A9D3 /* MultiColumnHeader.m */; };
		287FCFC815DCE9E700854148 /* afl-logo.jpg in Resources */ = {isa = PBXBuildFile; fileRef = 287FCFC715DCE9E700854148 /* afl-logo.jpg */; };
		2880707E15FE6A2F00FD2BD2 /* FixtureSearchDelegate.m in Sources */ = {isa = PBXBuildFile; fileRef = 2880707D15FE6A2F00FD2BD2 /* FixtureSearchDelegate.m */; };
		2881148116546BED006C2D8D /* Team.m in Sources */ = {isa = PBXBuildFile; fileRef = 2881148016546BED006C2D8D /* Team.m */; };
		28813A4615EF73EF00417416 /* TeamSelectionViewController.m in Sources */ = {isa = PBXBuildFile; fileRef = 28813A4415EF73EF00417416 /* TeamSelectionViewController.m */; };
		28813A4715EF73EF00417416 /* TeamSelectionViewController.xib in Resources */ = {isa = PBXBuildFile; fileRef = 28813A4515EF73EF00417416 /* TeamSelectionViewController.xib */; };
		288145611655709100813E90 /* StatsAppMacSession.m in Sources */ = {isa = PBXBuildFile; fileRef = 288145601655709100813E90 /* StatsAppMacSession.m */; };
		2881CD4A171EF02200FBB86E /* spanner.png in Resources */ = {isa = PBXBuildFile; fileRef = 2881CD49171EF02200FBB86E /* spanner.png */; };
		2881F51E1682776D00569778 /* fixture-vafa-premier-b-2013.sql in Resources */ = {isa = PBXBuildFile; fileRef = 2881F51D1682776D00569778 /* fixture-vafa-premier-b-2013.sql */; };
		2881F5231682A1E900569778 /* Player.m in Sources */ = {isa = PBXBuildFile; fileRef = 2881F5221682A1E900569778 /* Player.m */; };
		2881F5271682A3B100569778 /* players-vafa-b-grade.sql in Resources */ = {isa = PBXBuildFile; fileRef = 2881F5261682A3B100569778 /* players-vafa-b-grade.sql */; };
		2883173E148E089A0066D319 /* MainMenuViewController.m in Sources */ = {isa = PBXBuildFile; fileRef = 2883173C148E08990066D319 /* MainMenuViewController.m */; };
		2883173F148E089A0066D319 /* MainMenuViewController.xib in Resources */ = {isa = PBXBuildFile; fileRef = 2883173D148E08990066D319 /* MainMenuViewController.xib */; };
		2884575C15F5D9A300D452D3 /* SearchGamesViewController.m in Sources */ = {isa = PBXBuildFile; fileRef = 2884575A15F5D9A300D452D3 /* SearchGamesViewController.m */; };
		2884575D15F5D9A300D452D3 /* SearchGamesViewController.xib in Resources */ = {isa = PBXBuildFile; fileRef = 2884575B15F5D9A300D452D3 /* SearchGamesViewController.xib */; };
		28851A761712FD9B00268FFF /* RoundPickerViewController.m in Sources */ = {isa = PBXBuildFile; fileRef = 28851A751712FD9A00268FFF /* RoundPickerViewController.m */; };
		28885AAE16B2429300079599 /* EditPlayerViewController.m in Sources */ = {isa = PBXBuildFile; fileRef = 28885AAC16B2429300079599 /* EditPlayerViewController.m */; };
		28885AAF16B2429300079599 /* EditPlayerViewController.xib in Resources */ = {isa = PBXBuildFile; fileRef = 28885AAD16B2429300079599 /* EditPlayerViewController.xib */; };
		28894B7316BCD3430074E4A6 /* StatsAppMacNotificationCentre.m in Sources */ = {isa = PBXBuildFile; fileRef = 28894B7216BCD3410074E4A6 /* StatsAppMacNotificationCentre.m */; };
		288BDE2D147FB70C00002F9A /* UIKit.framework in Frameworks */ = {isa = PBXBuildFile; fileRef = 288BDE2C147FB70C00002F9A /* UIKit.framework */; };
		288BDE2F147FB70C00002F9A /* Foundation.framework in Frameworks */ = {isa = PBXBuildFile; fileRef = 288BDE2E147FB70C00002F9A /* Foundation.framework */; };
		288BDE31147FB70C00002F9A /* CoreGraphics.framework in Frameworks */ = {isa = PBXBuildFile; fileRef = 288BDE30147FB70C00002F9A /* CoreGraphics.framework */; };
		288BDE33147FB70C00002F9A /* CoreData.framework in Frameworks */ = {isa = PBXBuildFile; fileRef = 288BDE32147FB70C00002F9A /* CoreData.framework */; };
		288BDE39147FB70C00002F9A /* InfoPlist.strings in Resources */ = {isa = PBXBuildFile; fileRef = 288BDE37147FB70C00002F9A /* InfoPlist.strings */; };
		288BDE3C147FB70C00002F9A /* main.m in Sources */ = {isa = PBXBuildFile; fileRef = 288BDE3B147FB70C00002F9A /* main.m */; };
		288BDE3F147FB70C00002F9A /* StatsAppMacAppDelegate.m in Sources */ = {isa = PBXBuildFile; fileRef = 288BDE3E147FB70C00002F9A /* StatsAppMacAppDelegate.m */; };
		288BDE42147FB70C00002F9A /* StatsAppMac.xcdatamodeld in Sources */ = {isa = PBXBuildFile; fileRef = 288BDE40147FB70C00002F9A /* StatsAppMac.xcdatamodeld */; };
		288BDE46147FB70C00002F9A /* StatsAppMacAppDelegate_iPhone.m in Sources */ = {isa = PBXBuildFile; fileRef = 288BDE45147FB70C00002F9A /* StatsAppMacAppDelegate_iPhone.m */; };
		288BDE49147FB70C00002F9A /* MainWindow_iPhone.xib in Resources */ = {isa = PBXBuildFile; fileRef = 288BDE47147FB70C00002F9A /* MainWindow_iPhone.xib */; };
		288BDE4D147FB70C00002F9A /* StatsAppMacAppDelegate_iPad.m in Sources */ = {isa = PBXBuildFile; fileRef = 288BDE4C147FB70C00002F9A /* StatsAppMacAppDelegate_iPad.m */; };
		288BDE50147FB70C00002F9A /* MainWindow_iPad.xib in Resources */ = {isa = PBXBuildFile; fileRef = 288BDE4E147FB70C00002F9A /* MainWindow_iPad.xib */; };
		288BDE57147FB70D00002F9A /* UIKit.framework in Frameworks */ = {isa = PBXBuildFile; fileRef = 288BDE2C147FB70C00002F9A /* UIKit.framework */; };
		288BDE58147FB70D00002F9A /* Foundation.framework in Frameworks */ = {isa = PBXBuildFile; fileRef = 288BDE2E147FB70C00002F9A /* Foundation.framework */; };
		288BDE59147FB70D00002F9A /* CoreGraphics.framework in Frameworks */ = {isa = PBXBuildFile; fileRef = 288BDE30147FB70C00002F9A /* CoreGraphics.framework */; };
		288BDE5A147FB70D00002F9A /* CoreData.framework in Frameworks */ = {isa = PBXBuildFile; fileRef = 288BDE32147FB70C00002F9A /* CoreData.framework */; };
		288BDE62147FB70D00002F9A /* InfoPlist.strings in Resources */ = {isa = PBXBuildFile; fileRef = 288BDE60147FB70D00002F9A /* InfoPlist.strings */; };
		288BDE73147FB95A00002F9A /* GameDayStatsViewController.m in Sources */ = {isa = PBXBuildFile; fileRef = 288BDE71147FB95A00002F9A /* GameDayStatsViewController.m */; };
		288BDE74147FB95A00002F9A /* GameDayStatsViewController.xib in Resources */ = {isa = PBXBuildFile; fileRef = 288BDE72147FB95A00002F9A /* GameDayStatsViewController.xib */; };
		28A9B475166E82320008B8A5 /* SelectTeamViewController.m in Sources */ = {isa = PBXBuildFile; fileRef = 28A9B473166E82310008B8A5 /* SelectTeamViewController.m */; };
		28A9B476166E82320008B8A5 /* SelectTeamViewController.xib in Resources */ = {isa = PBXBuildFile; fileRef = 28A9B474166E82320008B8A5 /* SelectTeamViewController.xib */; };
		28C20E3D16B7311100AE28C6 /* ListPlayersViewController.m in Sources */ = {isa = PBXBuildFile; fileRef = 28C20E3C16B7311000AE28C6 /* ListPlayersViewController.m */; };
		28C9697316E00D4200F1AD3C /* StatsAppIcon_72x72.png in Resources */ = {isa = PBXBuildFile; fileRef = 28C9697216E00D4200F1AD3C /* StatsAppIcon_72x72.png */; };
		28C9697616E00E0800F1AD3C /* StatsAppIcon_57x57.png in Resources */ = {isa = PBXBuildFile; fileRef = 28C9697516E00E0800F1AD3C /* StatsAppIcon_57x57.png */; };
		28C9697816E00E2800F1AD3C /* StatsAppIcon_57x57.png in Resources */ = {isa = PBXBuildFile; fileRef = 28C9697716E00E2800F1AD3C /* StatsAppIcon_57x57.png */; };
		28C9697A16E54D8500F1AD3C /* StatsAppIcon2_57x57.png in Resources */ = {isa = PBXBuildFile; fileRef = 28C9697916E54D8400F1AD3C /* StatsAppIcon2_57x57.png */; };
		28C9697C16E54F9300F1AD3C /* StatsAppIcon2_72x72.png in Resources */ = {isa = PBXBuildFile; fileRef = 28C9697B16E54F9300F1AD3C /* StatsAppIcon2_72x72.png */; };
		28C9697E16E8ACEE00F1AD3C /* StatsAppIcon3_72x72.png in Resources */ = {isa = PBXBuildFile; fileRef = 28C9697D16E8ACEE00F1AD3C /* StatsAppIcon3_72x72.png */; };
		28C9698016E8AD3600F1AD3C /* StatsAppIcon3_72x72.png in Resources */ = {isa = PBXBuildFile; fileRef = 28C9697F16E8AD3500F1AD3C /* StatsAppIcon3_72x72.png */; };
		28C9698316E8B42E00F1AD3C /* CFootyPlayerStatistics.m in Sources */ = {isa = PBXBuildFile; fileRef = 28C9698216E8B42D00F1AD3C /* CFootyPlayerStatistics.m */; };
		28C9A8421670061100BF8717 /* CMatch.m in Sources */ = {isa = PBXBuildFile; fileRef = 28C9A8411670061100BF8717 /* CMatch.m */; };
		28C9A84616700B6700BF8717 /* CPlayer.m in Sources */ = {isa = PBXBuildFile; fileRef = 28C9A84516700B6700BF8717 /* CPlayer.m */; };
		28D35D4B1683447600BC74F1 /* FixtureMatchViewController.m in Sources */ = {isa = PBXBuildFile; fileRef = 28D35D491683447600BC74F1 /* FixtureMatchViewController.m */; };
		28D35D4C1683447600BC74F1 /* FixtureMatchViewController.xib in Resources */ = {isa = PBXBuildFile; fileRef = 28D35D4A1683447600BC74F1 /* FixtureMatchViewController.xib */; };
		28EBB99B16D254C600A2A25E /* MainSplitViewController.m in Sources */ = {isa = PBXBuildFile; fileRef = 28EBB99916D254C400A2A25E /* MainSplitViewController.m */; };
		28EBB99C16D254C600A2A25E /* MainSplitViewController.xib in Resources */ = {isa = PBXBuildFile; fileRef = 28EBB99A16D254C500A2A25E /* MainSplitViewController.xib */; };
		63845C91147FC7980033426E /* StatsCell.m in Sources */ = {isa = PBXBuildFile; fileRef = 63845C8F147FC7980033426E /* StatsCell.m */; };
		63845C92147FC7980033426E /* StatsCell.xib in Resources */ = {isa = PBXBuildFile; fileRef = 63845C90147FC7980033426E /* StatsCell.xib */; };
		639E635016E8C49700304E6F /* arrow-down.png in Resources */ = {isa = PBXBuildFile; fileRef = 639E634C16E8C49700304E6F /* arrow-down.png */; };
		639E635116E8C49700304E6F /* arrow-left.png in Resources */ = {isa = PBXBuildFile; fileRef = 639E634D16E8C49700304E6F /* arrow-left.png */; };
		639E635216E8C49700304E6F /* arrow-right.png in Resources */ = {isa = PBXBuildFile; fileRef = 639E634E16E8C49700304E6F /* arrow-right.png */; };
		639E635316E8C49700304E6F /* arrow-up.png in Resources */ = {isa = PBXBuildFile; fileRef = 639E634F16E8C49700304E6F /* arrow-up.png */; };
/* End PBXBuildFile section */

/* Begin PBXContainerItemProxy section */
		287D477A171CB8E700C85DAC /* PBXContainerItemProxy */ = {
			isa = PBXContainerItemProxy;
			containerPortal = 288BDE1F147FB70B00002F9A /* Project object */;
			proxyType = 1;
			remoteGlobalIDString = 288BDE27147FB70C00002F9A;
			remoteInfo = FootyStats;
		};
		287D477E171CBA8C00C85DAC /* PBXContainerItemProxy */ = {
			isa = PBXContainerItemProxy;
			containerPortal = 288BDE1F147FB70B00002F9A /* Project object */;
			proxyType = 1;
			remoteGlobalIDString = 288BDE27147FB70C00002F9A;
			remoteInfo = FootyStats;
		};
/* End PBXContainerItemProxy section */

/* Begin PBXFileReference section */
		28027BBD1713110B008981A5 /* FixtureSqlLiteRepository.h */ = {isa = PBXFileReference; fileEncoding = 4; lastKnownFileType = sourcecode.c.h; path = FixtureSqlLiteRepository.h; sourceTree = "<group>"; };
		28027BBE1713110B008981A5 /* FixtureSqlLiteRepository.m */ = {isa = PBXFileReference; fileEncoding = 4; lastKnownFileType = sourcecode.c.objc; path = FixtureSqlLiteRepository.m; sourceTree = "<group>"; };
		280B9A4016A4BAB000F066DE /* ListClubsTableViewConroller.h */ = {isa = PBXFileReference; fileEncoding = 4; lastKnownFileType = sourcecode.c.h; path = ListClubsTableViewConroller.h; sourceTree = "<group>"; };
		280B9A4116A4BAB000F066DE /* ListClubsTableViewConroller.m */ = {isa = PBXFileReference; fileEncoding = 4; lastKnownFileType = sourcecode.c.objc; path = ListClubsTableViewConroller.m; sourceTree = "<group>"; };
		28141FF71678ABEB00EBF46C /* CTeamParticipant.h */ = {isa = PBXFileReference; fileEncoding = 4; lastKnownFileType = sourcecode.c.h; path = CTeamParticipant.h; sourceTree = "<group>"; };
		28141FF81678ABEB00EBF46C /* CTeamParticipant.m */ = {isa = PBXFileReference; fileEncoding = 4; lastKnownFileType = sourcecode.c.objc; path = CTeamParticipant.m; sourceTree = "<group>"; };
		2828EB2B16E8D2EA00CC1194 /* StatChangedListener.h */ = {isa = PBXFileReference; fileEncoding = 4; lastKnownFileType = sourcecode.c.h; path = StatChangedListener.h; sourceTree = "<group>"; };
		2828EB2D16E8D93F00CC1194 /* StatChangedEvent.h */ = {isa = PBXFileReference; fileEncoding = 4; lastKnownFileType = sourcecode.c.h; path = StatChangedEvent.h; sourceTree = "<group>"; };
		2828EB2E16EFD02900CC1194 /* StatsAppIcon4_72x72.png */ = {isa = PBXFileReference; lastKnownFileType = image.png; path = StatsAppIcon4_72x72.png; sourceTree = "<group>"; };
		2828EB3016F20F3300CC1194 /* EditFixtureViewController.h */ = {isa = PBXFileReference; fileEncoding = 4; lastKnownFileType = sourcecode.c.h; path = EditFixtureViewController.h; sourceTree = "<group>"; };
		2828EB3116F20F3400CC1194 /* EditFixtureViewController.m */ = {isa = PBXFileReference; fileEncoding = 4; lastKnownFileType = sourcecode.c.objc; path = EditFixtureViewController.m; sourceTree = "<group>"; };
		2828EB3216F20F3500CC1194 /* EditFixtureViewController.xib */ = {isa = PBXFileReference; fileEncoding = 4; lastKnownFileType = file.xib; path = EditFixtureViewController.xib; sourceTree = "<group>"; };
		2828EB3516F5EBFD00CC1194 /* ClubSqlLiteRepository.h */ = {isa = PBXFileReference; fileEncoding = 4; lastKnownFileType = sourcecode.c.h; path = ClubSqlLiteRepository.h; sourceTree = "<group>"; };
		2828EB3616F5EBFD00CC1194 /* ClubSqlLiteRepository.m */ = {isa = PBXFileReference; fileEncoding = 4; lastKnownFileType = sourcecode.c.objc; path = ClubSqlLiteRepository.m; sourceTree = "<group>"; };
		283F32B81685D93D006F4610 /* StatsAppMac.sqlite */ = {isa = PBXFileReference; lastKnownFileType = file; path = StatsAppMac.sqlite; sourceTree = "<group>"; };
		283F32BA16A4B47C006F4610 /* AdminPlayersViewController.h */ = {isa = PBXFileReference; fileEncoding = 4; lastKnownFileType = sourcecode.c.h; path = AdminPlayersViewController.h; sourceTree = "<group>"; };
		283F32BB16A4B47D006F4610 /* AdminPlayersViewController.m */ = {isa = PBXFileReference; fileEncoding = 4; lastKnownFileType = sourcecode.c.objc; path = AdminPlayersViewController.m; sourceTree = "<group>"; };
		283F32BC16A4B47E006F4610 /* AdminPlayersViewController.xib */ = {isa = PBXFileReference; fileEncoding = 4; lastKnownFileType = file.xib; path = AdminPlayersViewController.xib; sourceTree = "<group>"; };
		287BC8FF167D7F540025E997 /* CParticipant.h */ = {isa = PBXFileReference; fileEncoding = 4; lastKnownFileType = sourcecode.c.h; path = CParticipant.h; sourceTree = "<group>"; };
		287BC900167D7F550025E997 /* CParticipant.m */ = {isa = PBXFileReference; fileEncoding = 4; lastKnownFileType = sourcecode.c.objc; path = CParticipant.m; sourceTree = "<group>"; };
		287BC903167E725E0025E997 /* Round.h */ = {isa = PBXFileReference; fileEncoding = 4; lastKnownFileType = sourcecode.c.h; path = Round.h; sourceTree = "<group>"; };
		287BC904167E725F0025E997 /* Round.m */ = {isa = PBXFileReference; fileEncoding = 4; lastKnownFileType = sourcecode.c.objc; path = Round.m; sourceTree = "<group>"; };
		287BC91D1681CCFD0025E997 /* TeamParticipant.h */ = {isa = PBXFileReference; fileEncoding = 4; lastKnownFileType = sourcecode.c.h; path = TeamParticipant.h; sourceTree = "<group>"; };
		287BC91E1681CCFD0025E997 /* TeamParticipant.m */ = {isa = PBXFileReference; fileEncoding = 4; lastKnownFileType = sourcecode.c.objc; path = TeamParticipant.m; sourceTree = "<group>"; };
		287BC9201681CD490025E997 /* User.h */ = {isa = PBXFileReference; fileEncoding = 4; lastKnownFileType = sourcecode.c.h; path = User.h; sourceTree = "<group>"; };
		287BC9211681CD4B0025E997 /* User.m */ = {isa = PBXFileReference; fileEncoding = 4; lastKnownFileType = sourcecode.c.objc; path = User.m; sourceTree = "<group>"; };
		287CBB101641D26D00A3606A /* CClub.h */ = {isa = PBXFileReference; fileEncoding = 4; lastKnownFileType = sourcecode.c.h; path = CClub.h; sourceTree = "<group>"; };
		287CBB111641D26D00A3606A /* CClub.m */ = {isa = PBXFileReference; fileEncoding = 4; lastKnownFileType = sourcecode.c.objc; path = CClub.m; sourceTree = "<group>"; };
		287D085E160B11A100328B65 /* League.h */ = {isa = PBXFileReference; fileEncoding = 4; lastKnownFileType = sourcecode.c.h; path = League.h; sourceTree = "<group>"; };
		287D085F160B11A100328B65 /* League.m */ = {isa = PBXFileReference; fileEncoding = 4; lastKnownFileType = sourcecode.c.objc; path = League.m; sourceTree = "<group>"; };
		287D0867160B11A200328B65 /* Participant.h */ = {isa = PBXFileReference; fileEncoding = 4; lastKnownFileType = sourcecode.c.h; path = Participant.h; sourceTree = "<group>"; };
		287D0868160B11A200328B65 /* Participant.m */ = {isa = PBXFileReference; fileEncoding = 4; lastKnownFileType = sourcecode.c.objc; path = Participant.m; sourceTree = "<group>"; };
		287D086D160B11A200328B65 /* Club.h */ = {isa = PBXFileReference; fileEncoding = 4; lastKnownFileType = sourcecode.c.h; path = Club.h; sourceTree = "<group>"; };
		287D086E160B11A200328B65 /* Club.m */ = {isa = PBXFileReference; fileEncoding = 4; lastKnownFileType = sourcecode.c.objc; path = Club.m; sourceTree = "<group>"; };
		287D0870160B11A200328B65 /* Season.h */ = {isa = PBXFileReference; fileEncoding = 4; lastKnownFileType = sourcecode.c.h; path = Season.h; sourceTree = "<group>"; };
		287D0871160B11A200328B65 /* Season.m */ = {isa = PBXFileReference; fileEncoding = 4; lastKnownFileType = sourcecode.c.objc; path = Season.m; sourceTree = "<group>"; };
		287D0873160B11A200328B65 /* PlayerParticipant.h */ = {isa = PBXFileReference; fileEncoding = 4; lastKnownFileType = sourcecode.c.h; path = PlayerParticipant.h; sourceTree = "<group>"; };
		287D0874160B11A200328B65 /* PlayerParticipant.m */ = {isa = PBXFileReference; fileEncoding = 4; lastKnownFileType = sourcecode.c.objc; path = PlayerParticipant.m; sourceTree = "<group>"; };
		287D0876160B11A200328B65 /* Division.h */ = {isa = PBXFileReference; fileEncoding = 4; lastKnownFileType = sourcecode.c.h; path = Division.h; sourceTree = "<group>"; };
		287D0877160B11A200328B65 /* Division.m */ = {isa = PBXFileReference; fileEncoding = 4; lastKnownFileType = sourcecode.c.objc; path = Division.m; sourceTree = "<group>"; };
		287D0879160B11A300328B65 /* Match.h */ = {isa = PBXFileReference; fileEncoding = 4; lastKnownFileType = sourcecode.c.h; path = Match.h; sourceTree = "<group>"; };
		287D087A160B11A300328B65 /* Match.m */ = {isa = PBXFileReference; fileEncoding = 4; lastKnownFileType = sourcecode.c.objc; path = Match.m; sourceTree = "<group>"; };
		287D087C160B11A300328B65 /* ParticipantStatistics.h */ = {isa = PBXFileReference; fileEncoding = 4; lastKnownFileType = sourcecode.c.h; path = ParticipantStatistics.h; sourceTree = "<group>"; };
		287D087D160B11A300328B65 /* ParticipantStatistics.m */ = {isa = PBXFileReference; fileEncoding = 4; lastKnownFileType = sourcecode.c.objc; path = ParticipantStatistics.m; sourceTree = "<group>"; };
		287D087F160B11A300328B65 /* PlayerClub.h */ = {isa = PBXFileReference; fileEncoding = 4; lastKnownFileType = sourcecode.c.h; path = PlayerClub.h; sourceTree = "<group>"; };
		287D0880160B11A300328B65 /* PlayerClub.m */ = {isa = PBXFileReference; fileEncoding = 4; lastKnownFileType = sourcecode.c.objc; path = PlayerClub.m; sourceTree = "<group>"; };
		287D0888160B11A300328B65 /* FootyPlayerStatistics.h */ = {isa = PBXFileReference; fileEncoding = 4; lastKnownFileType = sourcecode.c.h; path = FootyPlayerStatistics.h; sourceTree = "<group>"; };
		287D0889160B11A300328B65 /* FootyPlayerStatistics.m */ = {isa = PBXFileReference; fileEncoding = 4; lastKnownFileType = sourcecode.c.objc; path = FootyPlayerStatistics.m; sourceTree = "<group>"; };
		287D4761171CB34E00C85DAC /* FootyStatsTests.octest */ = {isa = PBXFileReference; explicitFileType = wrapper.cfbundle; includeInIndex = 0; path = FootyStatsTests.octest; sourceTree = BUILT_PRODUCTS_DIR; };
		287D4762171CB34E00C85DAC /* SenTestingKit.framework */ = {isa = PBXFileReference; lastKnownFileType = wrapper.framework; name = SenTestingKit.framework; path = Library/Frameworks/SenTestingKit.framework; sourceTree = DEVELOPER_DIR; };
		287D4768171CB34E00C85DAC /* FootyStatsTests-Info.plist */ = {isa = PBXFileReference; lastKnownFileType = text.plist.xml; path = "FootyStatsTests-Info.plist"; sourceTree = "<group>"; };
		287D476A171CB34E00C85DAC /* en */ = {isa = PBXFileReference; lastKnownFileType = text.plist.strings; name = en; path = en.lproj/InfoPlist.strings; sourceTree = "<group>"; };
		287D476C171CB34E00C85DAC /* FootyStatsTests.h */ = {isa = PBXFileReference; lastKnownFileType = sourcecode.c.h; path = FootyStatsTests.h; sourceTree = "<group>"; };
		287D476D171CB34E00C85DAC /* FootyStatsTests.m */ = {isa = PBXFileReference; lastKnownFileType = sourcecode.c.objc; path = FootyStatsTests.m; sourceTree = "<group>"; };
		287D476F171CB34E00C85DAC /* FootyStatsTests-Prefix.pch */ = {isa = PBXFileReference; lastKnownFileType = sourcecode.c.h; path = "FootyStatsTests-Prefix.pch"; sourceTree = "<group>"; };
		287D5F11164FC95B00A7573F /* InitalData.sql */ = {isa = PBXFileReference; fileEncoding = 4; lastKnownFileType = text; path = InitalData.sql; sourceTree = "<group>"; };
		287DF7F715FFDC5700D4F82B /* QuartzCore.framework */ = {isa = PBXFileReference; lastKnownFileType = wrapper.framework; name = QuartzCore.framework; path = System/Library/Frameworks/QuartzCore.framework; sourceTree = SDKROOT; };
		287E490A15FF64F800A830D1 /* MultiColumnTableCell.h */ = {isa = PBXFileReference; fileEncoding = 4; lastKnownFileType = sourcecode.c.h; path = MultiColumnTableCell.h; sourceTree = "<group>"; };
		287E490B15FF64F800A830D1 /* MultiColumnTableCell.m */ = {isa = PBXFileReference; fileEncoding = 4; lastKnownFileType = sourcecode.c.objc; path = MultiColumnTableCell.m; sourceTree = "<group>"; };
		287EA8C9160B500D00D46241 /* Sport.h */ = {isa = PBXFileReference; fileEncoding = 4; lastKnownFileType = sourcecode.c.h; path = Sport.h; sourceTree = "<group>"; };
		287EA8CA160B500D00D46241 /* Sport.m */ = {isa = PBXFileReference; fileEncoding = 4; lastKnownFileType = sourcecode.c.objc; path = Sport.m; sourceTree = "<group>"; };
		287ED208164AE14C00048D18 /* QuartzCore.framework */ = {isa = PBXFileReference; lastKnownFileType = wrapper.framework; name = QuartzCore.framework; path = System/Library/Frameworks/QuartzCore.framework; sourceTree = SDKROOT; };
		287ED20E164AE14C00048D18 /* SqlLiteRepository.h */ = {isa = PBXFileReference; fileEncoding = 4; lastKnownFileType = sourcecode.c.h; path = SqlLiteRepository.h; sourceTree = "<group>"; };
		287ED20F164AE14C00048D18 /* SqlLiteRepository.m */ = {isa = PBXFileReference; fileEncoding = 4; lastKnownFileType = sourcecode.c.objc; path = SqlLiteRepository.m; sourceTree = "<group>"; };
		287F28B8166D4A020008A9D3 /* MultiColumnHeader.h */ = {isa = PBXFileReference; fileEncoding = 4; lastKnownFileType = sourcecode.c.h; path = MultiColumnHeader.h; sourceTree = "<group>"; };
		287F28B9166D4A020008A9D3 /* MultiColumnHeader.m */ = {isa = PBXFileReference; fileEncoding = 4; lastKnownFileType = sourcecode.c.objc; path = MultiColumnHeader.m; sourceTree = "<group>"; };
		287FCFC715DCE9E700854148 /* afl-logo.jpg */ = {isa = PBXFileReference; lastKnownFileType = image.jpeg; path = "afl-logo.jpg"; sourceTree = "<group>"; };
		2880707C15FE6A2F00FD2BD2 /* FixtureSearchDelegate.h */ = {isa = PBXFileReference; fileEncoding = 4; lastKnownFileType = sourcecode.c.h; path = FixtureSearchDelegate.h; sourceTree = "<group>"; };
		2880707D15FE6A2F00FD2BD2 /* FixtureSearchDelegate.m */ = {isa = PBXFileReference; fileEncoding = 4; lastKnownFileType = sourcecode.c.objc; path = FixtureSearchDelegate.m; sourceTree = "<group>"; };
		2881147F16546BED006C2D8D /* Team.h */ = {isa = PBXFileReference; fileEncoding = 4; lastKnownFileType = sourcecode.c.h; path = Team.h; sourceTree = "<group>"; };
		2881148016546BED006C2D8D /* Team.m */ = {isa = PBXFileReference; fileEncoding = 4; lastKnownFileType = sourcecode.c.objc; path = Team.m; sourceTree = "<group>"; };
		28813A4315EF73EF00417416 /* TeamSelectionViewController.h */ = {isa = PBXFileReference; fileEncoding = 4; lastKnownFileType = sourcecode.c.h; path = TeamSelectionViewController.h; sourceTree = "<group>"; };
		28813A4415EF73EF00417416 /* TeamSelectionViewController.m */ = {isa = PBXFileReference; fileEncoding = 4; lastKnownFileType = sourcecode.c.objc; path = TeamSelectionViewController.m; sourceTree = "<group>"; };
		28813A4515EF73EF00417416 /* TeamSelectionViewController.xib */ = {isa = PBXFileReference; fileEncoding = 4; lastKnownFileType = file.xib; path = TeamSelectionViewController.xib; sourceTree = "<group>"; };
		2881455F1655709100813E90 /* StatsAppMacSession.h */ = {isa = PBXFileReference; fileEncoding = 4; lastKnownFileType = sourcecode.c.h; path = StatsAppMacSession.h; sourceTree = "<group>"; };
		288145601655709100813E90 /* StatsAppMacSession.m */ = {isa = PBXFileReference; fileEncoding = 4; lastKnownFileType = sourcecode.c.objc; path = StatsAppMacSession.m; sourceTree = "<group>"; };
		2881CD49171EF02200FBB86E /* spanner.png */ = {isa = PBXFileReference; lastKnownFileType = image.png; path = spanner.png; sourceTree = "<group>"; };
		2881F51D1682776D00569778 /* fixture-vafa-premier-b-2013.sql */ = {isa = PBXFileReference; fileEncoding = 4; lastKnownFileType = text; path = "fixture-vafa-premier-b-2013.sql"; sourceTree = "<group>"; };
		2881F5211682A1E900569778 /* Player.h */ = {isa = PBXFileReference; fileEncoding = 4; lastKnownFileType = sourcecode.c.h; path = Player.h; sourceTree = "<group>"; };
		2881F5221682A1E900569778 /* Player.m */ = {isa = PBXFileReference; fileEncoding = 4; lastKnownFileType = sourcecode.c.objc; path = Player.m; sourceTree = "<group>"; };
		2881F5261682A3B100569778 /* players-vafa-b-grade.sql */ = {isa = PBXFileReference; fileEncoding = 4; lastKnownFileType = text; path = "players-vafa-b-grade.sql"; sourceTree = "<group>"; };
		2883173B148E08990066D319 /* MainMenuViewController.h */ = {isa = PBXFileReference; fileEncoding = 4; lastKnownFileType = sourcecode.c.h; path = MainMenuViewController.h; sourceTree = "<group>"; };
		2883173C148E08990066D319 /* MainMenuViewController.m */ = {isa = PBXFileReference; fileEncoding = 4; lastKnownFileType = sourcecode.c.objc; path = MainMenuViewController.m; sourceTree = "<group>"; };
		2883173D148E08990066D319 /* MainMenuViewController.xib */ = {isa = PBXFileReference; fileEncoding = 4; lastKnownFileType = file.xib; path = MainMenuViewController.xib; sourceTree = "<group>"; };
		2884575915F5D9A300D452D3 /* SearchGamesViewController.h */ = {isa = PBXFileReference; fileEncoding = 4; lastKnownFileType = sourcecode.c.h; path = SearchGamesViewController.h; sourceTree = "<group>"; };
		2884575A15F5D9A300D452D3 /* SearchGamesViewController.m */ = {isa = PBXFileReference; fileEncoding = 4; lastKnownFileType = sourcecode.c.objc; path = SearchGamesViewController.m; sourceTree = "<group>"; };
		2884575B15F5D9A300D452D3 /* SearchGamesViewController.xib */ = {isa = PBXFileReference; fileEncoding = 4; lastKnownFileType = file.xib; path = SearchGamesViewController.xib; sourceTree = "<group>"; };
		28851A741712FD9A00268FFF /* RoundPickerViewController.h */ = {isa = PBXFileReference; fileEncoding = 4; lastKnownFileType = sourcecode.c.h; path = RoundPickerViewController.h; sourceTree = "<group>"; };
		28851A751712FD9A00268FFF /* RoundPickerViewController.m */ = {isa = PBXFileReference; fileEncoding = 4; lastKnownFileType = sourcecode.c.objc; path = RoundPickerViewController.m; sourceTree = "<group>"; };
		28885AAB16B2429300079599 /* EditPlayerViewController.h */ = {isa = PBXFileReference; fileEncoding = 4; lastKnownFileType = sourcecode.c.h; path = EditPlayerViewController.h; sourceTree = "<group>"; };
		28885AAC16B2429300079599 /* EditPlayerViewController.m */ = {isa = PBXFileReference; fileEncoding = 4; lastKnownFileType = sourcecode.c.objc; path = EditPlayerViewController.m; sourceTree = "<group>"; };
		28885AAD16B2429300079599 /* EditPlayerViewController.xib */ = {isa = PBXFileReference; fileEncoding = 4; lastKnownFileType = file.xib; path = EditPlayerViewController.xib; sourceTree = "<group>"; };
		28894B7116BCD3400074E4A6 /* StatsAppMacNotificationCentre.h */ = {isa = PBXFileReference; fileEncoding = 4; lastKnownFileType = sourcecode.c.h; path = StatsAppMacNotificationCentre.h; sourceTree = "<group>"; };
		28894B7216BCD3410074E4A6 /* StatsAppMacNotificationCentre.m */ = {isa = PBXFileReference; fileEncoding = 4; lastKnownFileType = sourcecode.c.objc; path = StatsAppMacNotificationCentre.m; sourceTree = "<group>"; };
		28894B7416BCD53D0074E4A6 /* SelectedClubForEditChangedListener.h */ = {isa = PBXFileReference; fileEncoding = 4; lastKnownFileType = sourcecode.c.h; path = SelectedClubForEditChangedListener.h; sourceTree = "<group>"; };
		288BDE28147FB70C00002F9A /* FootyStats.app */ = {isa = PBXFileReference; explicitFileType = wrapper.application; includeInIndex = 0; path = FootyStats.app; sourceTree = BUILT_PRODUCTS_DIR; };
		288BDE2C147FB70C00002F9A /* UIKit.framework */ = {isa = PBXFileReference; lastKnownFileType = wrapper.framework; name = UIKit.framework; path = System/Library/Frameworks/UIKit.framework; sourceTree = SDKROOT; };
		288BDE2E147FB70C00002F9A /* Foundation.framework */ = {isa = PBXFileReference; lastKnownFileType = wrapper.framework; name = Foundation.framework; path = System/Library/Frameworks/Foundation.framework; sourceTree = SDKROOT; };
		288BDE30147FB70C00002F9A /* CoreGraphics.framework */ = {isa = PBXFileReference; lastKnownFileType = wrapper.framework; name = CoreGraphics.framework; path = System/Library/Frameworks/CoreGraphics.framework; sourceTree = SDKROOT; };
		288BDE32147FB70C00002F9A /* CoreData.framework */ = {isa = PBXFileReference; lastKnownFileType = wrapper.framework; name = CoreData.framework; path = System/Library/Frameworks/CoreData.framework; sourceTree = SDKROOT; };
		288BDE36147FB70C00002F9A /* StatsAppMac-Info.plist */ = {isa = PBXFileReference; lastKnownFileType = text.plist.xml; path = "StatsAppMac-Info.plist"; sourceTree = "<group>"; };
		288BDE38147FB70C00002F9A /* en */ = {isa = PBXFileReference; lastKnownFileType = text.plist.strings; name = en; path = en.lproj/InfoPlist.strings; sourceTree = "<group>"; };
		288BDE3A147FB70C00002F9A /* StatsAppMac-Prefix.pch */ = {isa = PBXFileReference; lastKnownFileType = sourcecode.c.h; path = "StatsAppMac-Prefix.pch"; sourceTree = "<group>"; };
		288BDE3B147FB70C00002F9A /* main.m */ = {isa = PBXFileReference; lastKnownFileType = sourcecode.c.objc; path = main.m; sourceTree = "<group>"; };
		288BDE3D147FB70C00002F9A /* StatsAppMacAppDelegate.h */ = {isa = PBXFileReference; lastKnownFileType = sourcecode.c.h; path = StatsAppMacAppDelegate.h; sourceTree = "<group>"; };
		288BDE3E147FB70C00002F9A /* StatsAppMacAppDelegate.m */ = {isa = PBXFileReference; lastKnownFileType = sourcecode.c.objc; path = StatsAppMacAppDelegate.m; sourceTree = "<group>"; };
		288BDE41147FB70C00002F9A /* StatsAppMac.xcdatamodel */ = {isa = PBXFileReference; lastKnownFileType = wrapper.xcdatamodel; path = StatsAppMac.xcdatamodel; sourceTree = "<group>"; };
		288BDE44147FB70C00002F9A /* StatsAppMacAppDelegate_iPhone.h */ = {isa = PBXFileReference; lastKnownFileType = sourcecode.c.h; name = StatsAppMacAppDelegate_iPhone.h; path = iPhone/StatsAppMacAppDelegate_iPhone.h; sourceTree = "<group>"; };
		288BDE45147FB70C00002F9A /* StatsAppMacAppDelegate_iPhone.m */ = {isa = PBXFileReference; lastKnownFileType = sourcecode.c.objc; name = StatsAppMacAppDelegate_iPhone.m; path = iPhone/StatsAppMacAppDelegate_iPhone.m; sourceTree = "<group>"; };
		288BDE48147FB70C00002F9A /* en */ = {isa = PBXFileReference; lastKnownFileType = file.xib; name = en; path = iPhone/en.lproj/MainWindow_iPhone.xib; sourceTree = "<group>"; };
		288BDE4B147FB70C00002F9A /* StatsAppMacAppDelegate_iPad.h */ = {isa = PBXFileReference; lastKnownFileType = sourcecode.c.h; name = StatsAppMacAppDelegate_iPad.h; path = iPad/StatsAppMacAppDelegate_iPad.h; sourceTree = "<group>"; };
		288BDE4C147FB70C00002F9A /* StatsAppMacAppDelegate_iPad.m */ = {isa = PBXFileReference; lastKnownFileType = sourcecode.c.objc; name = StatsAppMacAppDelegate_iPad.m; path = iPad/StatsAppMacAppDelegate_iPad.m; sourceTree = "<group>"; };
		288BDE4F147FB70C00002F9A /* en */ = {isa = PBXFileReference; lastKnownFileType = file.xib; name = en; path = iPad/en.lproj/MainWindow_iPad.xib; sourceTree = "<group>"; };
		288BDE56147FB70C00002F9A /* StatsAppMacTests.octest */ = {isa = PBXFileReference; explicitFileType = wrapper.cfbundle; includeInIndex = 0; path = StatsAppMacTests.octest; sourceTree = BUILT_PRODUCTS_DIR; };
		288BDE5F147FB70D00002F9A /* StatsAppMacTests-Info.plist */ = {isa = PBXFileReference; lastKnownFileType = text.plist.xml; path = "StatsAppMacTests-Info.plist"; sourceTree = "<group>"; };
		288BDE61147FB70D00002F9A /* en */ = {isa = PBXFileReference; lastKnownFileType = text.plist.strings; name = en; path = en.lproj/InfoPlist.strings; sourceTree = "<group>"; };
		288BDE63147FB70D00002F9A /* StatsAppMacTests-Prefix.pch */ = {isa = PBXFileReference; lastKnownFileType = sourcecode.c.h; path = "StatsAppMacTests-Prefix.pch"; sourceTree = "<group>"; };
		288BDE64147FB70D00002F9A /* StatsAppMacTests.h */ = {isa = PBXFileReference; lastKnownFileType = sourcecode.c.h; path = StatsAppMacTests.h; sourceTree = "<group>"; };
		288BDE66147FB70D00002F9A /* StatsAppMacTests.m */ = {isa = PBXFileReference; lastKnownFileType = sourcecode.c.objc; path = StatsAppMacTests.m; sourceTree = "<group>"; };
		288BDE70147FB95A00002F9A /* GameDayStatsViewController.h */ = {isa = PBXFileReference; fileEncoding = 4; lastKnownFileType = sourcecode.c.h; path = GameDayStatsViewController.h; sourceTree = "<group>"; };
		288BDE71147FB95A00002F9A /* GameDayStatsViewController.m */ = {isa = PBXFileReference; fileEncoding = 4; lastKnownFileType = sourcecode.c.objc; path = GameDayStatsViewController.m; sourceTree = "<group>"; };
		288BDE72147FB95A00002F9A /* GameDayStatsViewController.xib */ = {isa = PBXFileReference; fileEncoding = 4; lastKnownFileType = file.xib; path = GameDayStatsViewController.xib; sourceTree = "<group>"; };
		28A9B472166E82310008B8A5 /* SelectTeamViewController.h */ = {isa = PBXFileReference; fileEncoding = 4; lastKnownFileType = sourcecode.c.h; path = SelectTeamViewController.h; sourceTree = "<group>"; };
		28A9B473166E82310008B8A5 /* SelectTeamViewController.m */ = {isa = PBXFileReference; fileEncoding = 4; lastKnownFileType = sourcecode.c.objc; path = SelectTeamViewController.m; sourceTree = "<group>"; };
		28A9B474166E82320008B8A5 /* SelectTeamViewController.xib */ = {isa = PBXFileReference; fileEncoding = 4; lastKnownFileType = file.xib; path = SelectTeamViewController.xib; sourceTree = "<group>"; };
		28C20E3B16B7310F00AE28C6 /* ListPlayersViewController.h */ = {isa = PBXFileReference; fileEncoding = 4; lastKnownFileType = sourcecode.c.h; path = ListPlayersViewController.h; sourceTree = "<group>"; };
		28C20E3C16B7311000AE28C6 /* ListPlayersViewController.m */ = {isa = PBXFileReference; fileEncoding = 4; lastKnownFileType = sourcecode.c.objc; path = ListPlayersViewController.m; sourceTree = "<group>"; };
		28C9697216E00D4200F1AD3C /* StatsAppIcon_72x72.png */ = {isa = PBXFileReference; lastKnownFileType = image.png; path = StatsAppIcon_72x72.png; sourceTree = "<group>"; };
		28C9697516E00E0800F1AD3C /* StatsAppIcon_57x57.png */ = {isa = PBXFileReference; lastKnownFileType = image.png; path = StatsAppIcon_57x57.png; sourceTree = "<group>"; };
		28C9697716E00E2800F1AD3C /* StatsAppIcon_57x57.png */ = {isa = PBXFileReference; lastKnownFileType = image.png; path = StatsAppIcon_57x57.png; sourceTree = "<group>"; };
		28C9697916E54D8400F1AD3C /* StatsAppIcon2_57x57.png */ = {isa = PBXFileReference; lastKnownFileType = image.png; path = StatsAppIcon2_57x57.png; sourceTree = "<group>"; };
		28C9697B16E54F9300F1AD3C /* StatsAppIcon2_72x72.png */ = {isa = PBXFileReference; lastKnownFileType = image.png; path = StatsAppIcon2_72x72.png; sourceTree = "<group>"; };
		28C9697D16E8ACEE00F1AD3C /* StatsAppIcon3_72x72.png */ = {isa = PBXFileReference; lastKnownFileType = image.png; path = StatsAppIcon3_72x72.png; sourceTree = "<group>"; };
		28C9697F16E8AD3500F1AD3C /* StatsAppIcon3_72x72.png */ = {isa = PBXFileReference; lastKnownFileType = image.png; path = StatsAppIcon3_72x72.png; sourceTree = "<group>"; };
		28C9698116E8B42B00F1AD3C /* CFootyPlayerStatistics.h */ = {isa = PBXFileReference; fileEncoding = 4; lastKnownFileType = sourcecode.c.h; path = CFootyPlayerStatistics.h; sourceTree = "<group>"; };
		28C9698216E8B42D00F1AD3C /* CFootyPlayerStatistics.m */ = {isa = PBXFileReference; fileEncoding = 4; lastKnownFileType = sourcecode.c.objc; path = CFootyPlayerStatistics.m; sourceTree = "<group>"; };
		28C9A8401670061100BF8717 /* CMatch.h */ = {isa = PBXFileReference; fileEncoding = 4; lastKnownFileType = sourcecode.c.h; path = CMatch.h; sourceTree = "<group>"; };
		28C9A8411670061100BF8717 /* CMatch.m */ = {isa = PBXFileReference; fileEncoding = 4; lastKnownFileType = sourcecode.c.objc; path = CMatch.m; sourceTree = "<group>"; };
		28C9A84416700B6600BF8717 /* CPlayer.h */ = {isa = PBXFileReference; fileEncoding = 4; lastKnownFileType = sourcecode.c.h; path = CPlayer.h; sourceTree = "<group>"; };
		28C9A84516700B6700BF8717 /* CPlayer.m */ = {isa = PBXFileReference; fileEncoding = 4; lastKnownFileType = sourcecode.c.objc; path = CPlayer.m; sourceTree = "<group>"; };
		28D35D481683447600BC74F1 /* FixtureMatchViewController.h */ = {isa = PBXFileReference; fileEncoding = 4; lastKnownFileType = sourcecode.c.h; path = FixtureMatchViewController.h; sourceTree = "<group>"; };
		28D35D491683447600BC74F1 /* FixtureMatchViewController.m */ = {isa = PBXFileReference; fileEncoding = 4; lastKnownFileType = sourcecode.c.objc; path = FixtureMatchViewController.m; sourceTree = "<group>"; };
		28D35D4A1683447600BC74F1 /* FixtureMatchViewController.xib */ = {isa = PBXFileReference; fileEncoding = 4; lastKnownFileType = file.xib; path = FixtureMatchViewController.xib; sourceTree = "<group>"; };
		28EBB99816D254C300A2A25E /* MainSplitViewController.h */ = {isa = PBXFileReference; fileEncoding = 4; lastKnownFileType = sourcecode.c.h; path = MainSplitViewController.h; sourceTree = "<group>"; };
		28EBB99916D254C400A2A25E /* MainSplitViewController.m */ = {isa = PBXFileReference; fileEncoding = 4; lastKnownFileType = sourcecode.c.objc; path = MainSplitViewController.m; sourceTree = "<group>"; };
		28EBB99A16D254C500A2A25E /* MainSplitViewController.xib */ = {isa = PBXFileReference; fileEncoding = 4; lastKnownFileType = file.xib; path = MainSplitViewController.xib; sourceTree = "<group>"; };
		63845C8E147FC7980033426E /* StatsCell.h */ = {isa = PBXFileReference; fileEncoding = 4; lastKnownFileType = sourcecode.c.h; name = StatsCell.h; path = ../StatsCell.h; sourceTree = "<group>"; };
		63845C8F147FC7980033426E /* StatsCell.m */ = {isa = PBXFileReference; fileEncoding = 4; lastKnownFileType = sourcecode.c.objc; name = StatsCell.m; path = ../StatsCell.m; sourceTree = "<group>"; };
		63845C90147FC7980033426E /* StatsCell.xib */ = {isa = PBXFileReference; fileEncoding = 4; lastKnownFileType = file.xib; name = StatsCell.xib; path = ../StatsCell.xib; sourceTree = "<group>"; };
		639E634C16E8C49700304E6F /* arrow-down.png */ = {isa = PBXFileReference; lastKnownFileType = image.png; path = "arrow-down.png"; sourceTree = "<group>"; };
		639E634D16E8C49700304E6F /* arrow-left.png */ = {isa = PBXFileReference; lastKnownFileType = image.png; path = "arrow-left.png"; sourceTree = "<group>"; };
		639E634E16E8C49700304E6F /* arrow-right.png */ = {isa = PBXFileReference; lastKnownFileType = image.png; path = "arrow-right.png"; sourceTree = "<group>"; };
		639E634F16E8C49700304E6F /* arrow-up.png */ = {isa = PBXFileReference; lastKnownFileType = image.png; path = "arrow-up.png"; sourceTree = "<group>"; };
/* End PBXFileReference section */

/* Begin PBXFrameworksBuildPhase section */
		287D475D171CB34E00C85DAC /* Frameworks */ = {
			isa = PBXFrameworksBuildPhase;
			buildActionMask = 2147483647;
			files = (
				28098907171C3F0F005FA103 /* CoreGraphics.framework in Frameworks */,
				28098906171C3EF9005FA103 /* CoreData.framework in Frameworks */,
				287D4763171CB34E00C85DAC /* SenTestingKit.framework in Frameworks */,
				287D4764171CB34E00C85DAC /* UIKit.framework in Frameworks */,
				287D4765171CB34E00C85DAC /* Foundation.framework in Frameworks */,
			);
			runOnlyForDeploymentPostprocessing = 0;
		};
		288BDE25147FB70C00002F9A /* Frameworks */ = {
			isa = PBXFrameworksBuildPhase;
			buildActionMask = 2147483647;
			files = (
				288BDE2D147FB70C00002F9A /* UIKit.framework in Frameworks */,
				288BDE2F147FB70C00002F9A /* Foundation.framework in Frameworks */,
				288BDE31147FB70C00002F9A /* CoreGraphics.framework in Frameworks */,
				288BDE33147FB70C00002F9A /* CoreData.framework in Frameworks */,
				287DF7F815FFDC5700D4F82B /* QuartzCore.framework in Frameworks */,
			);
			runOnlyForDeploymentPostprocessing = 0;
		};
		288BDE52147FB70C00002F9A /* Frameworks */ = {
			isa = PBXFrameworksBuildPhase;
			buildActionMask = 2147483647;
			files = (
				287ED209164AE14C00048D18 /* QuartzCore.framework in Frameworks */,
				288BDE57147FB70D00002F9A /* UIKit.framework in Frameworks */,
				288BDE58147FB70D00002F9A /* Foundation.framework in Frameworks */,
				288BDE59147FB70D00002F9A /* CoreGraphics.framework in Frameworks */,
				288BDE5A147FB70D00002F9A /* CoreData.framework in Frameworks */,
			);
			runOnlyForDeploymentPostprocessing = 0;
		};
/* End PBXFrameworksBuildPhase section */

/* Begin PBXGroup section */
		2879EF1816086EC90027D798 /* domain */ = {
			isa = PBXGroup;
			children = (
				287D0873160B11A200328B65 /* PlayerParticipant.h */,
				287D0874160B11A200328B65 /* PlayerParticipant.m */,
				287D0888160B11A300328B65 /* FootyPlayerStatistics.h */,
				287D0889160B11A300328B65 /* FootyPlayerStatistics.m */,
				28C9698116E8B42B00F1AD3C /* CFootyPlayerStatistics.h */,
				28C9698216E8B42D00F1AD3C /* CFootyPlayerStatistics.m */,
				287D0880160B11A300328B65 /* PlayerClub.m */,
				287D087F160B11A300328B65 /* PlayerClub.h */,
				287D087C160B11A300328B65 /* ParticipantStatistics.h */,
				287D087D160B11A300328B65 /* ParticipantStatistics.m */,
				287D0879160B11A300328B65 /* Match.h */,
				287D087A160B11A300328B65 /* Match.m */,
				28C9A8401670061100BF8717 /* CMatch.h */,
				28C9A8411670061100BF8717 /* CMatch.m */,
				287D0876160B11A200328B65 /* Division.h */,
				287D0877160B11A200328B65 /* Division.m */,
				287D0870160B11A200328B65 /* Season.h */,
				287D0871160B11A200328B65 /* Season.m */,
				287D086D160B11A200328B65 /* Club.h */,
				287D086E160B11A200328B65 /* Club.m */,
				287CBB101641D26D00A3606A /* CClub.h */,
				287CBB111641D26D00A3606A /* CClub.m */,
				287D0867160B11A200328B65 /* Participant.h */,
				287D0868160B11A200328B65 /* Participant.m */,
				287BC8FF167D7F540025E997 /* CParticipant.h */,
				287BC900167D7F550025E997 /* CParticipant.m */,
				28C9A84416700B6600BF8717 /* CPlayer.h */,
				28C9A84516700B6700BF8717 /* CPlayer.m */,
				28141FF71678ABEB00EBF46C /* CTeamParticipant.h */,
				28141FF81678ABEB00EBF46C /* CTeamParticipant.m */,
				287D085E160B11A100328B65 /* League.h */,
				287D085F160B11A100328B65 /* League.m */,
				287EA8C9160B500D00D46241 /* Sport.h */,
				287EA8CA160B500D00D46241 /* Sport.m */,
				2881147F16546BED006C2D8D /* Team.h */,
				2881148016546BED006C2D8D /* Team.m */,
				287BC903167E725E0025E997 /* Round.h */,
				287BC904167E725F0025E997 /* Round.m */,
				287BC91D1681CCFD0025E997 /* TeamParticipant.h */,
				287BC91E1681CCFD0025E997 /* TeamParticipant.m */,
				287BC9201681CD490025E997 /* User.h */,
				287BC9211681CD4B0025E997 /* User.m */,
				2881F5211682A1E900569778 /* Player.h */,
				2881F5221682A1E900569778 /* Player.m */,
			);
			name = domain;
			sourceTree = "<group>";
		};
		287D4766171CB34E00C85DAC /* FootyStatsTests */ = {
			isa = PBXGroup;
			children = (
				287D476C171CB34E00C85DAC /* FootyStatsTests.h */,
				287D476D171CB34E00C85DAC /* FootyStatsTests.m */,
				287D4767171CB34E00C85DAC /* Supporting Files */,
			);
			path = FootyStatsTests;
			sourceTree = "<group>";
		};
		287D4767171CB34E00C85DAC /* Supporting Files */ = {
			isa = PBXGroup;
			children = (
				287D4768171CB34E00C85DAC /* FootyStatsTests-Info.plist */,
				287D4769171CB34E00C85DAC /* InfoPlist.strings */,
				287D476F171CB34E00C85DAC /* FootyStatsTests-Prefix.pch */,
			);
			name = "Supporting Files";
			sourceTree = "<group>";
		};
		287EA8CE160BBC0900D46241 /* db */ = {
			isa = PBXGroup;
			children = (
				283F32B81685D93D006F4610 /* StatsAppMac.sqlite */,
				2881F5261682A3B100569778 /* players-vafa-b-grade.sql */,
				2881F51D1682776D00569778 /* fixture-vafa-premier-b-2013.sql */,
				287D5F11164FC95B00A7573F /* InitalData.sql */,
			);
			name = db;
			sourceTree = "<group>";
		};
		287ED20A164AE14C00048D18 /* repository */ = {
			isa = PBXGroup;
			children = (
				287ED20E164AE14C00048D18 /* SqlLiteRepository.h */,
				287ED20F164AE14C00048D18 /* SqlLiteRepository.m */,
				2828EB3516F5EBFD00CC1194 /* ClubSqlLiteRepository.h */,
				2828EB3616F5EBFD00CC1194 /* ClubSqlLiteRepository.m */,
				28027BBD1713110B008981A5 /* FixtureSqlLiteRepository.h */,
				28027BBE1713110B008981A5 /* FixtureSqlLiteRepository.m */,
			);
			name = repository;
			sourceTree = "<group>";
		};
		287FCFC515DCE98800854148 /* images */ = {
			isa = PBXGroup;
			children = (
				2881CD48171EF00900FBB86E /* icons */,
				639E634B16E8C48400304E6F /* arrows */,
				28C9697D16E8ACEE00F1AD3C /* StatsAppIcon3_72x72.png */,
				28C9697516E00E0800F1AD3C /* StatsAppIcon_57x57.png */,
				28C9697216E00D4200F1AD3C /* StatsAppIcon_72x72.png */,
				287FCFC715DCE9E700854148 /* afl-logo.jpg */,
			);
			name = images;
			sourceTree = "<group>";
		};
		2881CD48171EF00900FBB86E /* icons */ = {
			isa = PBXGroup;
			children = (
				2881CD49171EF02200FBB86E /* spanner.png */,
			);
			name = icons;
			sourceTree = "<group>";
		};
		28894B7016BCD2180074E4A6 /* events */ = {
			isa = PBXGroup;
			children = (
				28894B7416BCD53D0074E4A6 /* SelectedClubForEditChangedListener.h */,
				2828EB2B16E8D2EA00CC1194 /* StatChangedListener.h */,
				2828EB2D16E8D93F00CC1194 /* StatChangedEvent.h */,
			);
			name = events;
			sourceTree = "<group>";
		};
		288BDE1D147FB70B00002F9A = {
			isa = PBXGroup;
			children = (
				2828EB2E16EFD02900CC1194 /* StatsAppIcon4_72x72.png */,
				28C9697F16E8AD3500F1AD3C /* StatsAppIcon3_72x72.png */,
				28C9697916E54D8400F1AD3C /* StatsAppIcon2_57x57.png */,
				28C9697716E00E2800F1AD3C /* StatsAppIcon_57x57.png */,
				28C9697B16E54F9300F1AD3C /* StatsAppIcon2_72x72.png */,
				288BDE34147FB70C00002F9A /* StatsAppMac */,
				288BDE5D147FB70D00002F9A /* StatsAppMacTests */,
				287D4766171CB34E00C85DAC /* FootyStatsTests */,
				288BDE2B147FB70C00002F9A /* Frameworks */,
				288BDE29147FB70C00002F9A /* Products */,
			);
			sourceTree = "<group>";
		};
		288BDE29147FB70C00002F9A /* Products */ = {
			isa = PBXGroup;
			children = (
				288BDE28147FB70C00002F9A /* FootyStats.app */,
				288BDE56147FB70C00002F9A /* StatsAppMacTests.octest */,
				287D4761171CB34E00C85DAC /* FootyStatsTests.octest */,
			);
			name = Products;
			sourceTree = "<group>";
		};
		288BDE2B147FB70C00002F9A /* Frameworks */ = {
			isa = PBXGroup;
			children = (
				287ED208164AE14C00048D18 /* QuartzCore.framework */,
				287DF7F715FFDC5700D4F82B /* QuartzCore.framework */,
				288BDE2C147FB70C00002F9A /* UIKit.framework */,
				288BDE2E147FB70C00002F9A /* Foundation.framework */,
				288BDE30147FB70C00002F9A /* CoreGraphics.framework */,
				288BDE32147FB70C00002F9A /* CoreData.framework */,
				287D4762171CB34E00C85DAC /* SenTestingKit.framework */,
			);
			name = Frameworks;
			sourceTree = "<group>";
		};
		288BDE34147FB70C00002F9A /* StatsAppMac */ = {
			isa = PBXGroup;
			children = (
				28894B7116BCD3400074E4A6 /* StatsAppMacNotificationCentre.h */,
				28894B7216BCD3410074E4A6 /* StatsAppMacNotificationCentre.m */,
				2881455F1655709100813E90 /* StatsAppMacSession.h */,
				288145601655709100813E90 /* StatsAppMacSession.m */,
				288BDE3D147FB70C00002F9A /* StatsAppMacAppDelegate.h */,
				288BDE3E147FB70C00002F9A /* StatsAppMacAppDelegate.m */,
				288BDE40147FB70C00002F9A /* StatsAppMac.xcdatamodeld */,
				288BDE43147FB70C00002F9A /* iPhone */,
				288BDE4A147FB70C00002F9A /* iPad */,
				288BDE35147FB70C00002F9A /* Supporting Files */,
			);
			path = StatsAppMac;
			sourceTree = "<group>";
		};
		288BDE35147FB70C00002F9A /* Supporting Files */ = {
			isa = PBXGroup;
			children = (
				28894B7016BCD2180074E4A6 /* events */,
				287ED20A164AE14C00048D18 /* repository */,
				287EA8CE160BBC0900D46241 /* db */,
				2879EF1816086EC90027D798 /* domain */,
				287FCFC515DCE98800854148 /* images */,
				288BDE36147FB70C00002F9A /* StatsAppMac-Info.plist */,
				288BDE37147FB70C00002F9A /* InfoPlist.strings */,
				288BDE3A147FB70C00002F9A /* StatsAppMac-Prefix.pch */,
				288BDE3B147FB70C00002F9A /* main.m */,
			);
			name = "Supporting Files";
			sourceTree = "<group>";
		};
		288BDE43147FB70C00002F9A /* iPhone */ = {
			isa = PBXGroup;
			children = (
				288BDE44147FB70C00002F9A /* StatsAppMacAppDelegate_iPhone.h */,
				288BDE45147FB70C00002F9A /* StatsAppMacAppDelegate_iPhone.m */,
				288BDE47147FB70C00002F9A /* MainWindow_iPhone.xib */,
			);
			name = iPhone;
			sourceTree = "<group>";
		};
		288BDE4A147FB70C00002F9A /* iPad */ = {
			isa = PBXGroup;
			children = (
				287E490A15FF64F800A830D1 /* MultiColumnTableCell.h */,
				287E490B15FF64F800A830D1 /* MultiColumnTableCell.m */,
				63845C90147FC7980033426E /* StatsCell.xib */,
				63845C8E147FC7980033426E /* StatsCell.h */,
				63845C8F147FC7980033426E /* StatsCell.m */,
				288BDE4B147FB70C00002F9A /* StatsAppMacAppDelegate_iPad.h */,
				288BDE4C147FB70C00002F9A /* StatsAppMacAppDelegate_iPad.m */,
				288BDE4E147FB70C00002F9A /* MainWindow_iPad.xib */,
				288BDE70147FB95A00002F9A /* GameDayStatsViewController.h */,
				288BDE71147FB95A00002F9A /* GameDayStatsViewController.m */,
				288BDE72147FB95A00002F9A /* GameDayStatsViewController.xib */,
				2883173B148E08990066D319 /* MainMenuViewController.h */,
				2883173C148E08990066D319 /* MainMenuViewController.m */,
				2883173D148E08990066D319 /* MainMenuViewController.xib */,
				28813A4315EF73EF00417416 /* TeamSelectionViewController.h */,
				28813A4415EF73EF00417416 /* TeamSelectionViewController.m */,
				28813A4515EF73EF00417416 /* TeamSelectionViewController.xib */,
				2884575915F5D9A300D452D3 /* SearchGamesViewController.h */,
				2884575A15F5D9A300D452D3 /* SearchGamesViewController.m */,
				2884575B15F5D9A300D452D3 /* SearchGamesViewController.xib */,
				2880707C15FE6A2F00FD2BD2 /* FixtureSearchDelegate.h */,
				2880707D15FE6A2F00FD2BD2 /* FixtureSearchDelegate.m */,
				287F28B8166D4A020008A9D3 /* MultiColumnHeader.h */,
				287F28B9166D4A020008A9D3 /* MultiColumnHeader.m */,
				28A9B472166E82310008B8A5 /* SelectTeamViewController.h */,
				28A9B473166E82310008B8A5 /* SelectTeamViewController.m */,
				28A9B474166E82320008B8A5 /* SelectTeamViewController.xib */,
				28D35D481683447600BC74F1 /* FixtureMatchViewController.h */,
				28D35D491683447600BC74F1 /* FixtureMatchViewController.m */,
				28D35D4A1683447600BC74F1 /* FixtureMatchViewController.xib */,
				283F32BA16A4B47C006F4610 /* AdminPlayersViewController.h */,
				283F32BB16A4B47D006F4610 /* AdminPlayersViewController.m */,
				283F32BC16A4B47E006F4610 /* AdminPlayersViewController.xib */,
				280B9A4016A4BAB000F066DE /* ListClubsTableViewConroller.h */,
				280B9A4116A4BAB000F066DE /* ListClubsTableViewConroller.m */,
				28C20E3B16B7310F00AE28C6 /* ListPlayersViewController.h */,
				28C20E3C16B7311000AE28C6 /* ListPlayersViewController.m */,
				28885AAB16B2429300079599 /* EditPlayerViewController.h */,
				28885AAC16B2429300079599 /* EditPlayerViewController.m */,
				28885AAD16B2429300079599 /* EditPlayerViewController.xib */,
				28EBB99816D254C300A2A25E /* MainSplitViewController.h */,
				28EBB99916D254C400A2A25E /* MainSplitViewController.m */,
				28EBB99A16D254C500A2A25E /* MainSplitViewController.xib */,
				2828EB3016F20F3300CC1194 /* EditFixtureViewController.h */,
				2828EB3116F20F3400CC1194 /* EditFixtureViewController.m */,
				2828EB3216F20F3500CC1194 /* EditFixtureViewController.xib */,
				28851A741712FD9A00268FFF /* RoundPickerViewController.h */,
				28851A751712FD9A00268FFF /* RoundPickerViewController.m */,
			);
			name = iPad;
			sourceTree = "<group>";
		};
		288BDE5D147FB70D00002F9A /* StatsAppMacTests */ = {
			isa = PBXGroup;
			children = (
				288BDE64147FB70D00002F9A /* StatsAppMacTests.h */,
				288BDE66147FB70D00002F9A /* StatsAppMacTests.m */,
				288BDE5E147FB70D00002F9A /* Supporting Files */,
			);
			path = StatsAppMacTests;
			sourceTree = "<group>";
		};
		288BDE5E147FB70D00002F9A /* Supporting Files */ = {
			isa = PBXGroup;
			children = (
				288BDE5F147FB70D00002F9A /* StatsAppMacTests-Info.plist */,
				288BDE60147FB70D00002F9A /* InfoPlist.strings */,
				288BDE63147FB70D00002F9A /* StatsAppMacTests-Prefix.pch */,
			);
			name = "Supporting Files";
			sourceTree = "<group>";
		};
		639E634B16E8C48400304E6F /* arrows */ = {
			isa = PBXGroup;
			children = (
				639E634C16E8C49700304E6F /* arrow-down.png */,
				639E634D16E8C49700304E6F /* arrow-left.png */,
				639E634E16E8C49700304E6F /* arrow-right.png */,
				639E634F16E8C49700304E6F /* arrow-up.png */,
			);
			name = arrows;
			sourceTree = "<group>";
		};
/* End PBXGroup section */

/* Begin PBXNativeTarget section */
		287D4760171CB34E00C85DAC /* FootyStatsTests */ = {
			isa = PBXNativeTarget;
			buildConfigurationList = 287D4770171CB34E00C85DAC /* Build configuration list for PBXNativeTarget "FootyStatsTests" */;
			buildPhases = (
				287D475C171CB34E00C85DAC /* Sources */,
				287D475D171CB34E00C85DAC /* Frameworks */,
				287D475E171CB34E00C85DAC /* Resources */,
				287D475F171CB34E00C85DAC /* ShellScript */,
			);
			buildRules = (
			);
			dependencies = (
				287D477B171CB8E700C85DAC /* PBXTargetDependency */,
			);
			name = FootyStatsTests;
			productName = FootyStatsTests;
			productReference = 287D4761171CB34E00C85DAC /* FootyStatsTests.octest */;
			productType = "com.apple.product-type.bundle";
		};
		288BDE27147FB70C00002F9A /* FootyStats */ = {
			isa = PBXNativeTarget;
			buildConfigurationList = 288BDE6A147FB70D00002F9A /* Build configuration list for PBXNativeTarget "FootyStats" */;
			buildPhases = (
				288BDE24147FB70C00002F9A /* Sources */,
				288BDE25147FB70C00002F9A /* Frameworks */,
				288BDE26147FB70C00002F9A /* Resources */,
			);
			buildRules = (
			);
			dependencies = (
			);
			name = FootyStats;
			productName = StatsAppMac;
			productReference = 288BDE28147FB70C00002F9A /* FootyStats.app */;
			productType = "com.apple.product-type.application";
		};
		288BDE55147FB70C00002F9A /* StatsAppMacTests */ = {
			isa = PBXNativeTarget;
			buildConfigurationList = 288BDE6D147FB70D00002F9A /* Build configuration list for PBXNativeTarget "StatsAppMacTests" */;
			buildPhases = (
				288BDE51147FB70C00002F9A /* Sources */,
				288BDE52147FB70C00002F9A /* Frameworks */,
				288BDE53147FB70C00002F9A /* Resources */,
				288BDE54147FB70C00002F9A /* ShellScript */,
			);
			buildRules = (
			);
			dependencies = (
				287D477F171CBA8C00C85DAC /* PBXTargetDependency */,
			);
			name = StatsAppMacTests;
			productName = StatsAppMacTests;
			productReference = 288BDE56147FB70C00002F9A /* StatsAppMacTests.octest */;
			productType = "com.apple.product-type.bundle";
		};
/* End PBXNativeTarget section */

/* Begin PBXProject section */
		288BDE1F147FB70B00002F9A /* Project object */ = {
			isa = PBXProject;
			attributes = {
				LastUpgradeCheck = 0420;
			};
			buildConfigurationList = 288BDE22147FB70B00002F9A /* Build configuration list for PBXProject "StatsAppMac" */;
			compatibilityVersion = "Xcode 3.2";
			developmentRegion = English;
			hasScannedForEncodings = 0;
			knownRegions = (
				en,
			);
			mainGroup = 288BDE1D147FB70B00002F9A;
			productRefGroup = 288BDE29147FB70C00002F9A /* Products */;
			projectDirPath = "";
			projectRoot = "";
			targets = (
				288BDE27147FB70C00002F9A /* FootyStats */,
				288BDE55147FB70C00002F9A /* StatsAppMacTests */,
				287D4760171CB34E00C85DAC /* FootyStatsTests */,
			);
		};
/* End PBXProject section */

/* Begin PBXResourcesBuildPhase section */
		287D475E171CB34E00C85DAC /* Resources */ = {
			isa = PBXResourcesBuildPhase;
			buildActionMask = 2147483647;
			files = (
				28098908171C3F54005FA103 /* FootyStatsTests.h in Resources */,
				287D476B171CB34E00C85DAC /* InfoPlist.strings in Resources */,
			);
			runOnlyForDeploymentPostprocessing = 0;
		};
		288BDE26147FB70C00002F9A /* Resources */ = {
			isa = PBXResourcesBuildPhase;
			buildActionMask = 2147483647;
			files = (
				288BDE39147FB70C00002F9A /* InfoPlist.strings in Resources */,
				288BDE49147FB70C00002F9A /* MainWindow_iPhone.xib in Resources */,
				288BDE50147FB70C00002F9A /* MainWindow_iPad.xib in Resources */,
				288BDE74147FB95A00002F9A /* GameDayStatsViewController.xib in Resources */,
				63845C92147FC7980033426E /* StatsCell.xib in Resources */,
				2883173F148E089A0066D319 /* MainMenuViewController.xib in Resources */,
				287FCFC815DCE9E700854148 /* afl-logo.jpg in Resources */,
				28813A4715EF73EF00417416 /* TeamSelectionViewController.xib in Resources */,
				2884575D15F5D9A300D452D3 /* SearchGamesViewController.xib in Resources */,
				287D5F12164FC95B00A7573F /* InitalData.sql in Resources */,
				28A9B476166E82320008B8A5 /* SelectTeamViewController.xib in Resources */,
				2881F51E1682776D00569778 /* fixture-vafa-premier-b-2013.sql in Resources */,
				2881F5271682A3B100569778 /* players-vafa-b-grade.sql in Resources */,
				28D35D4C1683447600BC74F1 /* FixtureMatchViewController.xib in Resources */,
				283F32B91685D93D006F4610 /* StatsAppMac.sqlite in Resources */,
				283F32BE16A4B480006F4610 /* AdminPlayersViewController.xib in Resources */,
				28885AAF16B2429300079599 /* EditPlayerViewController.xib in Resources */,
				28EBB99C16D254C600A2A25E /* MainSplitViewController.xib in Resources */,
				28C9697316E00D4200F1AD3C /* StatsAppIcon_72x72.png in Resources */,
				28C9697616E00E0800F1AD3C /* StatsAppIcon_57x57.png in Resources */,
				28C9697816E00E2800F1AD3C /* StatsAppIcon_57x57.png in Resources */,
				28C9697A16E54D8500F1AD3C /* StatsAppIcon2_57x57.png in Resources */,
				28C9697C16E54F9300F1AD3C /* StatsAppIcon2_72x72.png in Resources */,
				28C9697E16E8ACEE00F1AD3C /* StatsAppIcon3_72x72.png in Resources */,
				28C9698016E8AD3600F1AD3C /* StatsAppIcon3_72x72.png in Resources */,
				639E635016E8C49700304E6F /* arrow-down.png in Resources */,
				639E635116E8C49700304E6F /* arrow-left.png in Resources */,
				639E635216E8C49700304E6F /* arrow-right.png in Resources */,
				639E635316E8C49700304E6F /* arrow-up.png in Resources */,
				2828EB2F16EFD02A00CC1194 /* StatsAppIcon4_72x72.png in Resources */,
				2828EB3416F20F3700CC1194 /* EditFixtureViewController.xib in Resources */,
				2881CD4A171EF02200FBB86E /* spanner.png in Resources */,
			);
			runOnlyForDeploymentPostprocessing = 0;
		};
		288BDE53147FB70C00002F9A /* Resources */ = {
			isa = PBXResourcesBuildPhase;
			buildActionMask = 2147483647;
			files = (
				287992E3171C153D000DB16B /* StatsAppMacTests.h in Resources */,
				288BDE62147FB70D00002F9A /* InfoPlist.strings in Resources */,
			);
			runOnlyForDeploymentPostprocessing = 0;
		};
/* End PBXResourcesBuildPhase section */

/* Begin PBXShellScriptBuildPhase section */
		287D475F171CB34E00C85DAC /* ShellScript */ = {
			isa = PBXShellScriptBuildPhase;
			buildActionMask = 2147483647;
			files = (
			);
			inputPaths = (
			);
			outputPaths = (
			);
			runOnlyForDeploymentPostprocessing = 0;
			shellPath = /bin/sh;
			shellScript = "# Run the unit tests in this test bundle.\n\"${SYSTEM_DEVELOPER_DIR}/Tools/RunUnitTests\"\n";
		};
		288BDE54147FB70C00002F9A /* ShellScript */ = {
			isa = PBXShellScriptBuildPhase;
			buildActionMask = 2147483647;
			files = (
			);
			inputPaths = (
			);
			outputPaths = (
			);
			runOnlyForDeploymentPostprocessing = 0;
			shellPath = /bin/sh;
			shellScript = "# Run the unit tests in this test bundle.\n\"${SYSTEM_DEVELOPER_DIR}/Tools/RunUnitTests\"\n";
		};
/* End PBXShellScriptBuildPhase section */

/* Begin PBXSourcesBuildPhase section */
		287D475C171CB34E00C85DAC /* Sources */ = {
			isa = PBXSourcesBuildPhase;
			buildActionMask = 2147483647;
			files = (
				287D476E171CB34E00C85DAC /* FootyStatsTests.m in Sources */,
			);
			runOnlyForDeploymentPostprocessing = 0;
		};
		288BDE24147FB70C00002F9A /* Sources */ = {
			isa = PBXSourcesBuildPhase;
			buildActionMask = 2147483647;
			files = (
				288BDE3C147FB70C00002F9A /* main.m in Sources */,
				288BDE3F147FB70C00002F9A /* StatsAppMacAppDelegate.m in Sources */,
				288BDE42147FB70C00002F9A /* StatsAppMac.xcdatamodeld in Sources */,
				288BDE46147FB70C00002F9A /* StatsAppMacAppDelegate_iPhone.m in Sources */,
				288BDE4D147FB70C00002F9A /* StatsAppMacAppDelegate_iPad.m in Sources */,
				288BDE73147FB95A00002F9A /* GameDayStatsViewController.m in Sources */,
				63845C91147FC7980033426E /* StatsCell.m in Sources */,
				2883173E148E089A0066D319 /* MainMenuViewController.m in Sources */,
				28813A4615EF73EF00417416 /* TeamSelectionViewController.m in Sources */,
				2884575C15F5D9A300D452D3 /* SearchGamesViewController.m in Sources */,
				2880707E15FE6A2F00FD2BD2 /* FixtureSearchDelegate.m in Sources */,
				287E490C15FF64F800A830D1 /* MultiColumnTableCell.m in Sources */,
				287D0860160B11A100328B65 /* League.m in Sources */,
				287D0869160B11A200328B65 /* Participant.m in Sources */,
				287D086F160B11A200328B65 /* Club.m in Sources */,
				287D0872160B11A200328B65 /* Season.m in Sources */,
				287D0875160B11A200328B65 /* PlayerParticipant.m in Sources */,
				287D0878160B11A200328B65 /* Division.m in Sources */,
				287D087B160B11A300328B65 /* Match.m in Sources */,
				287D087E160B11A300328B65 /* ParticipantStatistics.m in Sources */,
				287D0881160B11A300328B65 /* PlayerClub.m in Sources */,
				287D088A160B11A300328B65 /* FootyPlayerStatistics.m in Sources */,
				287EA8CB160B500E00D46241 /* Sport.m in Sources */,
				287CBB121641D26D00A3606A /* CClub.m in Sources */,
				287ED210164AE14C00048D18 /* SqlLiteRepository.m in Sources */,
				2881148116546BED006C2D8D /* Team.m in Sources */,
				288145611655709100813E90 /* StatsAppMacSession.m in Sources */,
				287F28BA166D4A030008A9D3 /* MultiColumnHeader.m in Sources */,
				28A9B475166E82320008B8A5 /* SelectTeamViewController.m in Sources */,
				28C9A8421670061100BF8717 /* CMatch.m in Sources */,
				28C9A84616700B6700BF8717 /* CPlayer.m in Sources */,
				28141FF91678ABEB00EBF46C /* CTeamParticipant.m in Sources */,
				287BC901167D7F550025E997 /* CParticipant.m in Sources */,
				287BC905167E72600025E997 /* Round.m in Sources */,
				287BC91F1681CCFE0025E997 /* TeamParticipant.m in Sources */,
				287BC9221681CD4D0025E997 /* User.m in Sources */,
				2881F5231682A1E900569778 /* Player.m in Sources */,
				28D35D4B1683447600BC74F1 /* FixtureMatchViewController.m in Sources */,
				283F32BD16A4B480006F4610 /* AdminPlayersViewController.m in Sources */,
				280B9A4216A4BAB000F066DE /* ListClubsTableViewConroller.m in Sources */,
				28885AAE16B2429300079599 /* EditPlayerViewController.m in Sources */,
				28C20E3D16B7311100AE28C6 /* ListPlayersViewController.m in Sources */,
				28894B7316BCD3430074E4A6 /* StatsAppMacNotificationCentre.m in Sources */,
				28EBB99B16D254C600A2A25E /* MainSplitViewController.m in Sources */,
				28C9698316E8B42E00F1AD3C /* CFootyPlayerStatistics.m in Sources */,
				2828EB3316F20F3700CC1194 /* EditFixtureViewController.m in Sources */,
				2828EB3716F5EBFD00CC1194 /* ClubSqlLiteRepository.m in Sources */,
				28851A761712FD9B00268FFF /* RoundPickerViewController.m in Sources */,
				28027BBF1713110B008981A5 /* FixtureSqlLiteRepository.m in Sources */,
			);
			runOnlyForDeploymentPostprocessing = 0;
		};
		288BDE51147FB70C00002F9A /* Sources */ = {
			isa = PBXSourcesBuildPhase;
			buildActionMask = 2147483647;
			files = (
				287992E2171C1526000DB16B /* StatsAppMacTests.m in Sources */,
			);
			runOnlyForDeploymentPostprocessing = 0;
		};
/* End PBXSourcesBuildPhase section */

/* Begin PBXTargetDependency section */
		287D477B171CB8E700C85DAC /* PBXTargetDependency */ = {
			isa = PBXTargetDependency;
			target = 288BDE27147FB70C00002F9A /* FootyStats */;
			targetProxy = 287D477A171CB8E700C85DAC /* PBXContainerItemProxy */;
		};
		287D477F171CBA8C00C85DAC /* PBXTargetDependency */ = {
			isa = PBXTargetDependency;
			target = 288BDE27147FB70C00002F9A /* FootyStats */;
			targetProxy = 287D477E171CBA8C00C85DAC /* PBXContainerItemProxy */;
		};
/* End PBXTargetDependency section */

/* Begin PBXVariantGroup section */
		287D4769171CB34E00C85DAC /* InfoPlist.strings */ = {
			isa = PBXVariantGroup;
			children = (
				287D476A171CB34E00C85DAC /* en */,
			);
			name = InfoPlist.strings;
			sourceTree = "<group>";
		};
		288BDE37147FB70C00002F9A /* InfoPlist.strings */ = {
			isa = PBXVariantGroup;
			children = (
				288BDE38147FB70C00002F9A /* en */,
			);
			name = InfoPlist.strings;
			sourceTree = "<group>";
		};
		288BDE47147FB70C00002F9A /* MainWindow_iPhone.xib */ = {
			isa = PBXVariantGroup;
			children = (
				288BDE48147FB70C00002F9A /* en */,
			);
			name = MainWindow_iPhone.xib;
			sourceTree = "<group>";
		};
		288BDE4E147FB70C00002F9A /* MainWindow_iPad.xib */ = {
			isa = PBXVariantGroup;
			children = (
				288BDE4F147FB70C00002F9A /* en */,
			);
			name = MainWindow_iPad.xib;
			sourceTree = "<group>";
		};
		288BDE60147FB70D00002F9A /* InfoPlist.strings */ = {
			isa = PBXVariantGroup;
			children = (
				288BDE61147FB70D00002F9A /* en */,
			);
			name = InfoPlist.strings;
			sourceTree = "<group>";
		};
/* End PBXVariantGroup section */

/* Begin XCBuildConfiguration section */
		287D4771171CB34E00C85DAC /* Debug */ = {
			isa = XCBuildConfiguration;
			buildSettings = {
				ALWAYS_SEARCH_USER_PATHS = NO;
				BUNDLE_LOADER = "${TARGET_BUILD_DIR}/FootyStats.app/FootyStats";
				CLANG_CXX_LANGUAGE_STANDARD = "gnu++0x";
				CLANG_CXX_LIBRARY = "libc++";
				CLANG_ENABLE_OBJC_ARC = YES;
				CLANG_WARN_CONSTANT_CONVERSION = YES;
				CLANG_WARN_EMPTY_BODY = YES;
				CLANG_WARN_ENUM_CONVERSION = YES;
				CLANG_WARN_INT_CONVERSION = YES;
				CLANG_WARN__DUPLICATE_METHOD_MATCH = YES;
				COPY_PHASE_STRIP = NO;
				FRAMEWORK_SEARCH_PATHS = (
					"\"$(SDKROOT)/Developer/Library/Frameworks\"",
					"\"$(DEVELOPER_LIBRARY_DIR)/Frameworks\"",
				);
				GCC_DYNAMIC_NO_PIC = NO;
				GCC_PRECOMPILE_PREFIX_HEADER = YES;
				GCC_PREFIX_HEADER = "FootyStatsTests/FootyStatsTests-Prefix.pch";
				GCC_PREPROCESSOR_DEFINITIONS = (
					"DEBUG=1",
					"$(inherited)",
				);
				GCC_WARN_UNINITIALIZED_AUTOS = YES;
				INFOPLIST_FILE = "FootyStatsTests/FootyStatsTests-Info.plist";
				IPHONEOS_DEPLOYMENT_TARGET = 6.1;
				ONLY_ACTIVE_ARCH = YES;
				PRODUCT_NAME = "$(TARGET_NAME)";
				TEST_HOST = "$(BUNDLE_LOADER)";
				WRAPPER_EXTENSION = octest;
			};
			name = Debug;
		};
		287D4772171CB34E00C85DAC /* Release */ = {
			isa = XCBuildConfiguration;
			buildSettings = {
				ALWAYS_SEARCH_USER_PATHS = NO;
				BUNDLE_LOADER = "${TARGET_BUILD_DIR}/FootyStats.app/FootyStats";
				CLANG_CXX_LANGUAGE_STANDARD = "gnu++0x";
				CLANG_CXX_LIBRARY = "libc++";
				CLANG_ENABLE_OBJC_ARC = YES;
				CLANG_WARN_CONSTANT_CONVERSION = YES;
				CLANG_WARN_EMPTY_BODY = YES;
				CLANG_WARN_ENUM_CONVERSION = YES;
				CLANG_WARN_INT_CONVERSION = YES;
				CLANG_WARN__DUPLICATE_METHOD_MATCH = YES;
				COPY_PHASE_STRIP = YES;
				FRAMEWORK_SEARCH_PATHS = (
					"\"$(SDKROOT)/Developer/Library/Frameworks\"",
					"\"$(DEVELOPER_LIBRARY_DIR)/Frameworks\"",
				);
				GCC_PRECOMPILE_PREFIX_HEADER = YES;
				GCC_PREFIX_HEADER = "FootyStatsTests/FootyStatsTests-Prefix.pch";
				GCC_WARN_UNINITIALIZED_AUTOS = YES;
				INFOPLIST_FILE = "FootyStatsTests/FootyStatsTests-Info.plist";
				IPHONEOS_DEPLOYMENT_TARGET = 6.1;
				PRODUCT_NAME = "$(TARGET_NAME)";
				TEST_HOST = "$(BUNDLE_LOADER)";
				VALIDATE_PRODUCT = YES;
				WRAPPER_EXTENSION = octest;
			};
			name = Release;
		};
		288BDE68147FB70D00002F9A /* Debug */ = {
			isa = XCBuildConfiguration;
			buildSettings = {
				ARCHS = "$(ARCHS_STANDARD_32_BIT)";
				"CODE_SIGN_IDENTITY[sdk=iphoneos*]" = "iPhone Developer";
				GCC_C_LANGUAGE_STANDARD = gnu99;
				GCC_OPTIMIZATION_LEVEL = 0;
				GCC_PREPROCESSOR_DEFINITIONS = DEBUG;
				GCC_SYMBOLS_PRIVATE_EXTERN = NO;
				GCC_VERSION = com.apple.compilers.llvmgcc42;
				GCC_WARN_ABOUT_RETURN_TYPE = YES;
				GCC_WARN_UNUSED_VARIABLE = YES;
				IPHONEOS_DEPLOYMENT_TARGET = 5.0;
				SDKROOT = iphoneos;
				TARGETED_DEVICE_FAMILY = "1,2";
			};
			name = Debug;
		};
		288BDE69147FB70D00002F9A /* Release */ = {
			isa = XCBuildConfiguration;
			buildSettings = {
				ARCHS = "$(ARCHS_STANDARD_32_BIT)";
				"CODE_SIGN_IDENTITY[sdk=iphoneos*]" = "iPhone Developer";
				GCC_C_LANGUAGE_STANDARD = gnu99;
				GCC_VERSION = com.apple.compilers.llvmgcc42;
				GCC_WARN_ABOUT_RETURN_TYPE = YES;
				GCC_WARN_UNUSED_VARIABLE = YES;
				IPHONEOS_DEPLOYMENT_TARGET = 5.0;
				OTHER_CFLAGS = "-DNS_BLOCK_ASSERTIONS=1";
				SDKROOT = iphoneos;
				TARGETED_DEVICE_FAMILY = "1,2";
			};
			name = Release;
		};
		288BDE6B147FB70D00002F9A /* Debug */ = {
			isa = XCBuildConfiguration;
			buildSettings = {
				ALWAYS_SEARCH_USER_PATHS = NO;
				COPY_PHASE_STRIP = NO;
				GCC_DYNAMIC_NO_PIC = NO;
				GCC_PRECOMPILE_PREFIX_HEADER = YES;
				GCC_PREFIX_HEADER = "StatsAppMac/StatsAppMac-Prefix.pch";
				GCC_SYMBOLS_PRIVATE_EXTERN = NO;
				GCC_VERSION = com.apple.compilers.llvm.clang.1_0;
				INFOPLIST_FILE = "StatsAppMac/StatsAppMac-Info.plist";
				IPHONEOS_DEPLOYMENT_TARGET = 5.0;
				PRODUCT_NAME = "$(TARGET_NAME)";
				WRAPPER_EXTENSION = app;
			};
			name = Debug;
		};
		288BDE6C147FB70D00002F9A /* Release */ = {
			isa = XCBuildConfiguration;
			buildSettings = {
				ALWAYS_SEARCH_USER_PATHS = NO;
				COPY_PHASE_STRIP = YES;
				GCC_PRECOMPILE_PREFIX_HEADER = YES;
				GCC_PREFIX_HEADER = "StatsAppMac/StatsAppMac-Prefix.pch";
				GCC_SYMBOLS_PRIVATE_EXTERN = NO;
				GCC_VERSION = com.apple.compilers.llvm.clang.1_0;
				INFOPLIST_FILE = "StatsAppMac/StatsAppMac-Info.plist";
				IPHONEOS_DEPLOYMENT_TARGET = 5.0;
				PRODUCT_NAME = "$(TARGET_NAME)";
				VALIDATE_PRODUCT = YES;
				WRAPPER_EXTENSION = app;
			};
			name = Release;
		};
		288BDE6E147FB70D00002F9A /* Debug */ = {
			isa = XCBuildConfiguration;
			buildSettings = {
				ALWAYS_SEARCH_USER_PATHS = NO;
				BUNDLE_LOADER = "${TARGET_BUILD_DIR}/FootyStats.app/FootyStats";
				CONFIGURATION_TEMP_DIR = "/Users/dmackenzie/Library/Developer/Xcode/DerivedData/StatsAppMac-dhbktyiblqmjqxhijpgtiorrrusy/Build/Products/Debug-iphonesimulator/StatsAppMac.app/StatsAppMac";
				FRAMEWORK_SEARCH_PATHS = (
					"$(SDKROOT)/Developer/Library/Frameworks",
					"$(DEVELOPER_LIBRARY_DIR)/Frameworks",
				);
				GCC_PRECOMPILE_PREFIX_HEADER = YES;
				GCC_PREFIX_HEADER = "StatsAppMacTests/StatsAppMacTests-Prefix.pch";
				GCC_VERSION = com.apple.compilers.llvm.clang.1_0;
				INFOPLIST_FILE = "StatsAppMacTests/StatsAppMacTests-Info.plist";
				LD_MAP_FILE_PATH = "$(TARGET_TEMP_DIR)/$(PRODUCT_NAME)-LinkMap-$(CURRENT_VARIANT)-$(CURRENT_ARCH).txt";
				OTHER_LDFLAGS = (
					"-framework",
					SenTestingKit,
				);
				PRODUCT_NAME = "$(TARGET_NAME)";
				TEST_HOST = "$(BUNDLE_LOADER)";
				WRAPPER_EXTENSION = octest;
			};
			name = Debug;
		};
		288BDE6F147FB70D00002F9A /* Release */ = {
			isa = XCBuildConfiguration;
			buildSettings = {
				ALWAYS_SEARCH_USER_PATHS = NO;
				BUNDLE_LOADER = "${TARGET_BUILD_DIR}/FootyStats.app/FootyStats";
				CONFIGURATION_TEMP_DIR = "/Users/dmackenzie/Library/Developer/Xcode/DerivedData/StatsAppMac-dhbktyiblqmjqxhijpgtiorrrusy/Build/Products/Debug-iphonesimulator/StatsAppMac.app/StatsAppMac";
				FRAMEWORK_SEARCH_PATHS = (
					"$(SDKROOT)/Developer/Library/Frameworks",
					"$(DEVELOPER_LIBRARY_DIR)/Frameworks",
				);
				GCC_PRECOMPILE_PREFIX_HEADER = YES;
				GCC_PREFIX_HEADER = "StatsAppMacTests/StatsAppMacTests-Prefix.pch";
				GCC_VERSION = com.apple.compilers.llvm.clang.1_0;
				INFOPLIST_FILE = "StatsAppMacTests/StatsAppMacTests-Info.plist";
				LD_MAP_FILE_PATH = "$(TARGET_TEMP_DIR)/$(PRODUCT_NAME)-LinkMap-$(CURRENT_VARIANT)-$(CURRENT_ARCH).txt";
				OTHER_LDFLAGS = (
					"-framework",
					SenTestingKit,
				);
				PRODUCT_NAME = "$(TARGET_NAME)";
				TEST_HOST = "$(BUNDLE_LOADER)";
				WRAPPER_EXTENSION = octest;
			};
			name = Release;
		};
/* End XCBuildConfiguration section */

/* Begin XCConfigurationList section */
		287D4770171CB34E00C85DAC /* Build configuration list for PBXNativeTarget "FootyStatsTests" */ = {
			isa = XCConfigurationList;
			buildConfigurations = (
				287D4771171CB34E00C85DAC /* Debug */,
				287D4772171CB34E00C85DAC /* Release */,
			);
			defaultConfigurationIsVisible = 0;
			defaultConfigurationName = Release;
		};
		288BDE22147FB70B00002F9A /* Build configuration list for PBXProject "StatsAppMac" */ = {
			isa = XCConfigurationList;
			buildConfigurations = (
				288BDE68147FB70D00002F9A /* Debug */,
				288BDE69147FB70D00002F9A /* Release */,
			);
			defaultConfigurationIsVisible = 0;
			defaultConfigurationName = Release;
		};
		288BDE6A147FB70D00002F9A /* Build configuration list for PBXNativeTarget "FootyStats" */ = {
			isa = XCConfigurationList;
			buildConfigurations = (
				288BDE6B147FB70D00002F9A /* Debug */,
				288BDE6C147FB70D00002F9A /* Release */,
			);
			defaultConfigurationIsVisible = 0;
			defaultConfigurationName = Release;
		};
		288BDE6D147FB70D00002F9A /* Build configuration list for PBXNativeTarget "StatsAppMacTests" */ = {
			isa = XCConfigurationList;
			buildConfigurations = (
				288BDE6E147FB70D00002F9A /* Debug */,
				288BDE6F147FB70D00002F9A /* Release */,
			);
			defaultConfigurationIsVisible = 0;
			defaultConfigurationName = Release;
		};
/* End XCConfigurationList section */

/* Begin XCVersionGroup section */
		288BDE40147FB70C00002F9A /* StatsAppMac.xcdatamodeld */ = {
			isa = XCVersionGroup;
			children = (
				288BDE41147FB70C00002F9A /* StatsAppMac.xcdatamodel */,
			);
			currentVersion = 288BDE41147FB70C00002F9A /* StatsAppMac.xcdatamodel */;
			path = StatsAppMac.xcdatamodeld;
			sourceTree = "<group>";
			versionGroupType = wrapper.xcdatamodel;
		};
/* End XCVersionGroup section */
	};
	rootObject = 288BDE1F147FB70B00002F9A /* Project object */;
}
